{
  "pins" : [
    {
      "identity" : "astroswiftfoundation",
      "kind" : "remoteSourceControl",
      "location" : "https://github.com/RocketCommunicationsInc/AstroSwiftFoundation.git",
      "state" : {
        "revision" : "38827f3e86e52debf0cadde528a82ae0ada5218b",
        "version" : "2.0.1"
      }
    },
    {
      "identity" : "astroswiftutilities",
      "kind" : "remoteSourceControl",
      "location" : "https://github.com/RocketCommunicationsInc/AstroSwiftUtilities",
      "state" : {
        "revision" : "3ce7393cea5dd786a37da447e5c963596c4140d6",
        "version" : "1.0.0"
      }
    },
    {
      "identity" : "swiftui-cached-async-image",
      "kind" : "remoteSourceControl",
      "location" : "https://github.com/lorenzofiamingo/swiftui-cached-async-image",
      "state" : {
        "revision" : "467a3d17479887943ab917a379e62bbaff60ac8a",
        "version" : "2.1.1"
      }
    }
  ],
  "version" : 2
}
