// !$*UTF8*$!
{
	archiveVersion = 1;
	classes = {
	};
	objectVersion = 52;
	objects = {

/* Begin PBXBuildFile section */
		7C268AD0270E4C3E005932AB /* SDWebImageSwiftUI in Frameworks */ = {isa = PBXBuildFile; productRef = 7C268ACF270E4C3E005932AB /* SDWebImageSwiftUI */; };
		7C268AD2270E4E09005932AB /* SDWebImageSwiftUI in Frameworks */ = {isa = PBXBuildFile; productRef = 7C268AD1270E4E09005932AB /* SDWebImageSwiftUI */; };
		7C37E65B2603CDC300F259F8 /* AstroSwiftFoundation in Frameworks */ = {isa = PBXBuildFile; productRef = 7C37E65A2603CDC300F259F8 /* AstroSwiftFoundation */; };
		7C3CB5D6270F4F98000448C6 /* LaunchClock.swift in Sources */ = {isa = PBXBuildFile; fileRef = 7C3CB5D5270F4F98000448C6 /* LaunchClock.swift */; };
		7C3CB5D7270F4F98000448C6 /* LaunchClock.swift in Sources */ = {isa = PBXBuildFile; fileRef = 7C3CB5D5270F4F98000448C6 /* LaunchClock.swift */; };
		7C3CB5D8270F4F98000448C6 /* LaunchClock.swift in Sources */ = {isa = PBXBuildFile; fileRef = 7C3CB5D5270F4F98000448C6 /* LaunchClock.swift */; };
		7C3CB5DA270F4FA4000448C6 /* LaunchCalendar.swift in Sources */ = {isa = PBXBuildFile; fileRef = 7C3CB5D9270F4FA4000448C6 /* LaunchCalendar.swift */; };
		7C3CB5DB270F4FA4000448C6 /* LaunchCalendar.swift in Sources */ = {isa = PBXBuildFile; fileRef = 7C3CB5D9270F4FA4000448C6 /* LaunchCalendar.swift */; };
		7C3CB5DC270F4FA4000448C6 /* LaunchCalendar.swift in Sources */ = {isa = PBXBuildFile; fileRef = 7C3CB5D9270F4FA4000448C6 /* LaunchCalendar.swift */; };
		7C3CB5DE270F4FD1000448C6 /* LaunchCountdown.swift in Sources */ = {isa = PBXBuildFile; fileRef = 7C3CB5DD270F4FD1000448C6 /* LaunchCountdown.swift */; };
		7C3CB5DF270F4FD1000448C6 /* LaunchCountdown.swift in Sources */ = {isa = PBXBuildFile; fileRef = 7C3CB5DD270F4FD1000448C6 /* LaunchCountdown.swift */; };
		7C3D4CCE2603EFDA00CB0C41 /* LaunchRow.swift in Sources */ = {isa = PBXBuildFile; fileRef = 7C3D4CCD2603EFDA00CB0C41 /* LaunchRow.swift */; };
		7C3D4CCF2603EFDA00CB0C41 /* LaunchRow.swift in Sources */ = {isa = PBXBuildFile; fileRef = 7C3D4CCD2603EFDA00CB0C41 /* LaunchRow.swift */; };
		7C44C05C2608FEDB00B8D86A /* launches.json in Resources */ = {isa = PBXBuildFile; fileRef = 7C44C05B2608FEDB00B8D86A /* launches.json */; };
		7C44C05D2608FEDB00B8D86A /* launches.json in Resources */ = {isa = PBXBuildFile; fileRef = 7C44C05B2608FEDB00B8D86A /* launches.json */; };
		7C44C05E2608FEDB00B8D86A /* launches.json in Resources */ = {isa = PBXBuildFile; fileRef = 7C44C05B2608FEDB00B8D86A /* launches.json */; };
		7C44C05F2608FEDB00B8D86A /* launches.json in Resources */ = {isa = PBXBuildFile; fileRef = 7C44C05B2608FEDB00B8D86A /* launches.json */; };
		7C47D6182710B53100F5997E /* LaunchCountdown.swift in Sources */ = {isa = PBXBuildFile; fileRef = 7C3CB5DD270F4FD1000448C6 /* LaunchCountdown.swift */; };
		7C54438026178C65007CCCC4 /* DateFormatters.swift in Sources */ = {isa = PBXBuildFile; fileRef = 7C54437F26178C65007CCCC4 /* DateFormatters.swift */; };
		7C54438126178C65007CCCC4 /* DateFormatters.swift in Sources */ = {isa = PBXBuildFile; fileRef = 7C54437F26178C65007CCCC4 /* DateFormatters.swift */; };
		7C5661F626D99BBA00191E7A /* View+ConditionalModifier.swift in Sources */ = {isa = PBXBuildFile; fileRef = 7C5661F526D99BBA00191E7A /* View+ConditionalModifier.swift */; };
		7C5661F726D99BBA00191E7A /* View+ConditionalModifier.swift in Sources */ = {isa = PBXBuildFile; fileRef = 7C5661F526D99BBA00191E7A /* View+ConditionalModifier.swift */; };
		7C5A1AFB261BB51A00E452DE /* NetworkManager.swift in Sources */ = {isa = PBXBuildFile; fileRef = 7CD3C90426028B020071FB78 /* NetworkManager.swift */; };
		7C5A1B02261BB52300E452DE /* Launch.swift in Sources */ = {isa = PBXBuildFile; fileRef = 7C6954092612876E008A811E /* Launch.swift */; };
		7C5A1B09261BB52B00E452DE /* DateFormatters.swift in Sources */ = {isa = PBXBuildFile; fileRef = 7C54437F26178C65007CCCC4 /* DateFormatters.swift */; };
		7C5A1B10261BB54500E452DE /* Settings.swift in Sources */ = {isa = PBXBuildFile; fileRef = 7C834937260931D1008B4895 /* Settings.swift */; };
		7C5A1B18261BB5E700E452DE /* AstroSwiftFoundation in Frameworks */ = {isa = PBXBuildFile; productRef = 7C5A1B17261BB5E700E452DE /* AstroSwiftFoundation */; };
		7C69540A2612876E008A811E /* Launch.swift in Sources */ = {isa = PBXBuildFile; fileRef = 7C6954092612876E008A811E /* Launch.swift */; };
		7C69540B2612876E008A811E /* Launch.swift in Sources */ = {isa = PBXBuildFile; fileRef = 7C6954092612876E008A811E /* Launch.swift */; };
		7C6A025E26278C6900273563 /* Preview Assets.xcassets in Resources */ = {isa = PBXBuildFile; fileRef = 7C6A025D26278C6900273563 /* Preview Assets.xcassets */; };
		7C6A025F26278C6900273563 /* Preview Assets.xcassets in Resources */ = {isa = PBXBuildFile; fileRef = 7C6A025D26278C6900273563 /* Preview Assets.xcassets */; };
		7C6A026026278C6900273563 /* Preview Assets.xcassets in Resources */ = {isa = PBXBuildFile; fileRef = 7C6A025D26278C6900273563 /* Preview Assets.xcassets */; };
		7C6A026126278C6900273563 /* Preview Assets.xcassets in Resources */ = {isa = PBXBuildFile; fileRef = 7C6A025D26278C6900273563 /* Preview Assets.xcassets */; };
		7C7243C926E8188400233B33 /* LaunchDetail.swift in Sources */ = {isa = PBXBuildFile; fileRef = 7C7243C826E8188400233B33 /* LaunchDetail.swift */; };
		7C7243CA26E8188400233B33 /* LaunchDetail.swift in Sources */ = {isa = PBXBuildFile; fileRef = 7C7243C826E8188400233B33 /* LaunchDetail.swift */; };
		7C79988326FB7EC700FCAEF2 /* Colors.swift in Sources */ = {isa = PBXBuildFile; fileRef = 7C79988226FB7EC700FCAEF2 /* Colors.swift */; };
		7C79988426FB7EC700FCAEF2 /* Colors.swift in Sources */ = {isa = PBXBuildFile; fileRef = 7C79988226FB7EC700FCAEF2 /* Colors.swift */; };
		7C79988526FB7EC700FCAEF2 /* Colors.swift in Sources */ = {isa = PBXBuildFile; fileRef = 7C79988226FB7EC700FCAEF2 /* Colors.swift */; };
		7C7E0C84279F79AD00F07BDF /* ColorSchemeAutomatic.swift in Sources */ = {isa = PBXBuildFile; fileRef = 7C7E0C83279F79AD00F07BDF /* ColorSchemeAutomatic.swift */; };
		7C7E0C85279F79AD00F07BDF /* ColorSchemeAutomatic.swift in Sources */ = {isa = PBXBuildFile; fileRef = 7C7E0C83279F79AD00F07BDF /* ColorSchemeAutomatic.swift */; };
		7C83150125AE52B700E18441 /* AstroSwiftFoundation in Frameworks */ = {isa = PBXBuildFile; productRef = 7C83150025AE52B700E18441 /* AstroSwiftFoundation */; };
		7C834938260931D1008B4895 /* Settings.swift in Sources */ = {isa = PBXBuildFile; fileRef = 7C834937260931D1008B4895 /* Settings.swift */; };
		7C834939260931D1008B4895 /* Settings.swift in Sources */ = {isa = PBXBuildFile; fileRef = 7C834937260931D1008B4895 /* Settings.swift */; };
		7C8976C227556A8F000815F7 /* CentralTimer.swift in Sources */ = {isa = PBXBuildFile; fileRef = 7C8976C127556A8F000815F7 /* CentralTimer.swift */; };
		7C8976C327556A8F000815F7 /* CentralTimer.swift in Sources */ = {isa = PBXBuildFile; fileRef = 7C8976C127556A8F000815F7 /* CentralTimer.swift */; };
		7C8976C427556A8F000815F7 /* CentralTimer.swift in Sources */ = {isa = PBXBuildFile; fileRef = 7C8976C127556A8F000815F7 /* CentralTimer.swift */; };
		7C8BFBF1270374BD00D6AB09 /* Assets.xcassets in Resources */ = {isa = PBXBuildFile; fileRef = 7CF87F1B25AE45F300BD9D06 /* Assets.xcassets */; };
		7C8BFBF22703808C00D6AB09 /* Colors.swift in Sources */ = {isa = PBXBuildFile; fileRef = 7C79988226FB7EC700FCAEF2 /* Colors.swift */; };
		7C9BDD88271642EC00A97374 /* PadMap.swift in Sources */ = {isa = PBXBuildFile; fileRef = 7C9BDD87271642EC00A97374 /* PadMap.swift */; };
		7C9BDD89271642EC00A97374 /* PadMap.swift in Sources */ = {isa = PBXBuildFile; fileRef = 7C9BDD87271642EC00A97374 /* PadMap.swift */; };
		7C9BDD8A271642EC00A97374 /* PadMap.swift in Sources */ = {isa = PBXBuildFile; fileRef = 7C9BDD87271642EC00A97374 /* PadMap.swift */; };
		7CA49FAA270BB08F00181220 /* ConferenceRoomView.swift in Sources */ = {isa = PBXBuildFile; fileRef = 7CA49FA9270BB08F00181220 /* ConferenceRoomView.swift */; };
		7CB0A2C82788F99200A542D5 /* SettingsView.swift in Sources */ = {isa = PBXBuildFile; fileRef = 7CB0A2C72788F99200A542D5 /* SettingsView.swift */; };
		7CB1EE8727062383004E0CD4 /* Tag.swift in Sources */ = {isa = PBXBuildFile; fileRef = 7CB1EE8627062383004E0CD4 /* Tag.swift */; };
		7CB1EE8827062810004E0CD4 /* Tag.swift in Sources */ = {isa = PBXBuildFile; fileRef = 7CB1EE8627062383004E0CD4 /* Tag.swift */; };
		7CB1EE8927062816004E0CD4 /* Tag.swift in Sources */ = {isa = PBXBuildFile; fileRef = 7CB1EE8627062383004E0CD4 /* Tag.swift */; };
		7CD3C90526028B020071FB78 /* NetworkManager.swift in Sources */ = {isa = PBXBuildFile; fileRef = 7CD3C90426028B020071FB78 /* NetworkManager.swift */; };
		7CD3C90626028B020071FB78 /* NetworkManager.swift in Sources */ = {isa = PBXBuildFile; fileRef = 7CD3C90426028B020071FB78 /* NetworkManager.swift */; };
		7CF260E127E3C1990030A98F /* GiantLaunchCountdown.swift in Sources */ = {isa = PBXBuildFile; fileRef = 7CF260E027E3C1990030A98F /* GiantLaunchCountdown.swift */; };
		7CF43B5E27E256E400A7DD4F /* ContentView.swift in Sources */ = {isa = PBXBuildFile; fileRef = 7CF43B5D27E256E400A7DD4F /* ContentView.swift */; };
		7CF87F2E25AE45F300BD9D06 /* AstroLaunchesApp.swift in Sources */ = {isa = PBXBuildFile; fileRef = 7CF87F1825AE45F300BD9D06 /* AstroLaunchesApp.swift */; };
		7CF87F2F25AE45F300BD9D06 /* AstroLaunchesApp.swift in Sources */ = {isa = PBXBuildFile; fileRef = 7CF87F1825AE45F300BD9D06 /* AstroLaunchesApp.swift */; };
		7CF87F3025AE45F300BD9D06 /* LaunchList.swift in Sources */ = {isa = PBXBuildFile; fileRef = 7CF87F1925AE45F300BD9D06 /* LaunchList.swift */; };
		7CF87F3125AE45F300BD9D06 /* LaunchList.swift in Sources */ = {isa = PBXBuildFile; fileRef = 7CF87F1925AE45F300BD9D06 /* LaunchList.swift */; };
		7CF87F3425AE45F300BD9D06 /* Assets.xcassets in Resources */ = {isa = PBXBuildFile; fileRef = 7CF87F1B25AE45F300BD9D06 /* Assets.xcassets */; };
		7CF87F3525AE45F300BD9D06 /* Assets.xcassets in Resources */ = {isa = PBXBuildFile; fileRef = 7CF87F1B25AE45F300BD9D06 /* Assets.xcassets */; };
		7CF87F5325AE498B00BD9D06 /* Assets.xcassets in Resources */ = {isa = PBXBuildFile; fileRef = 7CF87F5225AE498B00BD9D06 /* Assets.xcassets */; };
		7CF87F5A25AE498B00BD9D06 /* Astro Launches WatchKit Extension.appex in Embed App Extensions */ = {isa = PBXBuildFile; fileRef = 7CF87F5925AE498B00BD9D06 /* Astro Launches WatchKit Extension.appex */; settings = {ATTRIBUTES = (RemoveHeadersOnCopy, ); }; };
		7CF87F5F25AE498B00BD9D06 /* Astro_LaunchesApp.swift in Sources */ = {isa = PBXBuildFile; fileRef = 7CF87F5E25AE498B00BD9D06 /* Astro_LaunchesApp.swift */; };
		7CF87F6125AE498B00BD9D06 /* ContentView.swift in Sources */ = {isa = PBXBuildFile; fileRef = 7CF87F6025AE498B00BD9D06 /* ContentView.swift */; };
		7CF87F6325AE498B00BD9D06 /* NotificationController.swift in Sources */ = {isa = PBXBuildFile; fileRef = 7CF87F6225AE498B00BD9D06 /* NotificationController.swift */; };
		7CF87F6525AE498B00BD9D06 /* NotificationView.swift in Sources */ = {isa = PBXBuildFile; fileRef = 7CF87F6425AE498B00BD9D06 /* NotificationView.swift */; };
		7CF87F6725AE498B00BD9D06 /* ComplicationController.swift in Sources */ = {isa = PBXBuildFile; fileRef = 7CF87F6625AE498B00BD9D06 /* ComplicationController.swift */; };
		7CF87F6925AE498C00BD9D06 /* Assets.xcassets in Resources */ = {isa = PBXBuildFile; fileRef = 7CF87F6825AE498C00BD9D06 /* Assets.xcassets */; };
		7CF87F6C25AE498C00BD9D06 /* Preview Assets.xcassets in Resources */ = {isa = PBXBuildFile; fileRef = 7CF87F6B25AE498C00BD9D06 /* Preview Assets.xcassets */; };
		7CF87F8625AE49B600BD9D06 /* Astro_Launches_TVApp.swift in Sources */ = {isa = PBXBuildFile; fileRef = 7CF87F8525AE49B600BD9D06 /* Astro_Launches_TVApp.swift */; };
		7CF87F8825AE49B600BD9D06 /* OpsFloorView.swift in Sources */ = {isa = PBXBuildFile; fileRef = 7CF87F8725AE49B600BD9D06 /* OpsFloorView.swift */; };
		7CF87F8A25AE49B700BD9D06 /* Assets.xcassets in Resources */ = {isa = PBXBuildFile; fileRef = 7CF87F8925AE49B700BD9D06 /* Assets.xcassets */; };
		7CF87F8D25AE49B700BD9D06 /* Preview Assets.xcassets in Resources */ = {isa = PBXBuildFile; fileRef = 7CF87F8C25AE49B700BD9D06 /* Preview Assets.xcassets */; };
/* End PBXBuildFile section */

/* Begin PBXContainerItemProxy section */
		7CF87F5B25AE498B00BD9D06 /* PBXContainerItemProxy */ = {
			isa = PBXContainerItemProxy;
			containerPortal = 7CF87F1125AE45F200BD9D06 /* Project object */;
			proxyType = 1;
			remoteGlobalIDString = 7CF87F5825AE498B00BD9D06;
			remoteInfo = "Astro Launches WatchKit Extension";
		};
/* End PBXContainerItemProxy section */

/* Begin PBXCopyFilesBuildPhase section */
		7CF87F7225AE498C00BD9D06 /* Embed App Extensions */ = {
			isa = PBXCopyFilesBuildPhase;
			buildActionMask = 2147483647;
			dstPath = "";
			dstSubfolderSpec = 13;
			files = (
				7CF87F5A25AE498B00BD9D06 /* Astro Launches WatchKit Extension.appex in Embed App Extensions */,
			);
			name = "Embed App Extensions";
			runOnlyForDeploymentPostprocessing = 0;
		};
/* End PBXCopyFilesBuildPhase section */

/* Begin PBXFileReference section */
		7C3CB5D5270F4F98000448C6 /* LaunchClock.swift */ = {isa = PBXFileReference; lastKnownFileType = sourcecode.swift; path = LaunchClock.swift; sourceTree = "<group>"; };
		7C3CB5D9270F4FA4000448C6 /* LaunchCalendar.swift */ = {isa = PBXFileReference; lastKnownFileType = sourcecode.swift; path = LaunchCalendar.swift; sourceTree = "<group>"; };
		7C3CB5DD270F4FD1000448C6 /* LaunchCountdown.swift */ = {isa = PBXFileReference; lastKnownFileType = sourcecode.swift; path = LaunchCountdown.swift; sourceTree = "<group>"; };
		7C3D4CCD2603EFDA00CB0C41 /* LaunchRow.swift */ = {isa = PBXFileReference; lastKnownFileType = sourcecode.swift; path = LaunchRow.swift; sourceTree = "<group>"; };
		7C44C05B2608FEDB00B8D86A /* launches.json */ = {isa = PBXFileReference; fileEncoding = 4; lastKnownFileType = text.json; path = launches.json; sourceTree = "<group>"; };
		7C54437F26178C65007CCCC4 /* DateFormatters.swift */ = {isa = PBXFileReference; lastKnownFileType = sourcecode.swift; path = DateFormatters.swift; sourceTree = "<group>"; };
		7C5661F526D99BBA00191E7A /* View+ConditionalModifier.swift */ = {isa = PBXFileReference; lastKnownFileType = sourcecode.swift; path = "View+ConditionalModifier.swift"; sourceTree = "<group>"; };
		7C6954092612876E008A811E /* Launch.swift */ = {isa = PBXFileReference; lastKnownFileType = sourcecode.swift; path = Launch.swift; sourceTree = "<group>"; };
		7C6A025D26278C6900273563 /* Preview Assets.xcassets */ = {isa = PBXFileReference; lastKnownFileType = folder.assetcatalog; path = "Preview Assets.xcassets"; sourceTree = "<group>"; };
		7C7243C826E8188400233B33 /* LaunchDetail.swift */ = {isa = PBXFileReference; lastKnownFileType = sourcecode.swift; path = LaunchDetail.swift; sourceTree = "<group>"; };
		7C79988226FB7EC700FCAEF2 /* Colors.swift */ = {isa = PBXFileReference; lastKnownFileType = sourcecode.swift; path = Colors.swift; sourceTree = "<group>"; };
		7C7E0C83279F79AD00F07BDF /* ColorSchemeAutomatic.swift */ = {isa = PBXFileReference; fileEncoding = 4; lastKnownFileType = sourcecode.swift; path = ColorSchemeAutomatic.swift; sourceTree = "<group>"; };
		7C834937260931D1008B4895 /* Settings.swift */ = {isa = PBXFileReference; lastKnownFileType = sourcecode.swift; path = Settings.swift; sourceTree = "<group>"; };
		7C8976C127556A8F000815F7 /* CentralTimer.swift */ = {isa = PBXFileReference; lastKnownFileType = sourcecode.swift; path = CentralTimer.swift; sourceTree = "<group>"; };
		7C9BDD87271642EC00A97374 /* PadMap.swift */ = {isa = PBXFileReference; lastKnownFileType = sourcecode.swift; path = PadMap.swift; sourceTree = "<group>"; };
		7CA49FA9270BB08F00181220 /* ConferenceRoomView.swift */ = {isa = PBXFileReference; lastKnownFileType = sourcecode.swift; path = ConferenceRoomView.swift; sourceTree = "<group>"; };
		7CB0A2C72788F99200A542D5 /* SettingsView.swift */ = {isa = PBXFileReference; lastKnownFileType = sourcecode.swift; path = SettingsView.swift; sourceTree = "<group>"; };
		7CB1EE8627062383004E0CD4 /* Tag.swift */ = {isa = PBXFileReference; lastKnownFileType = sourcecode.swift; path = Tag.swift; sourceTree = "<group>"; };
		7CD3C90426028B020071FB78 /* NetworkManager.swift */ = {isa = PBXFileReference; lastKnownFileType = sourcecode.swift; path = NetworkManager.swift; sourceTree = "<group>"; };
		7CF260E027E3C1990030A98F /* GiantLaunchCountdown.swift */ = {isa = PBXFileReference; lastKnownFileType = sourcecode.swift; path = GiantLaunchCountdown.swift; sourceTree = "<group>"; };
		7CF43B5D27E256E400A7DD4F /* ContentView.swift */ = {isa = PBXFileReference; lastKnownFileType = sourcecode.swift; path = ContentView.swift; sourceTree = "<group>"; };
		7CF87F1825AE45F300BD9D06 /* AstroLaunchesApp.swift */ = {isa = PBXFileReference; lastKnownFileType = sourcecode.swift; path = AstroLaunchesApp.swift; sourceTree = "<group>"; };
		7CF87F1925AE45F300BD9D06 /* LaunchList.swift */ = {isa = PBXFileReference; lastKnownFileType = sourcecode.swift; path = LaunchList.swift; sourceTree = "<group>"; };
		7CF87F1B25AE45F300BD9D06 /* Assets.xcassets */ = {isa = PBXFileReference; lastKnownFileType = folder.assetcatalog; path = Assets.xcassets; sourceTree = "<group>"; };
		7CF87F2025AE45F300BD9D06 /* Astro Launches.app */ = {isa = PBXFileReference; explicitFileType = wrapper.application; includeInIndex = 0; path = "Astro Launches.app"; sourceTree = BUILT_PRODUCTS_DIR; };
		7CF87F2325AE45F300BD9D06 /* Info.plist */ = {isa = PBXFileReference; lastKnownFileType = text.plist.xml; path = Info.plist; sourceTree = "<group>"; };
		7CF87F2825AE45F300BD9D06 /* Astro Launches.app */ = {isa = PBXFileReference; explicitFileType = wrapper.application; includeInIndex = 0; path = "Astro Launches.app"; sourceTree = BUILT_PRODUCTS_DIR; };
		7CF87F2A25AE45F300BD9D06 /* Info.plist */ = {isa = PBXFileReference; lastKnownFileType = text.plist.xml; path = Info.plist; sourceTree = "<group>"; };
		7CF87F2B25AE45F300BD9D06 /* macOS.entitlements */ = {isa = PBXFileReference; lastKnownFileType = text.plist.entitlements; path = macOS.entitlements; sourceTree = "<group>"; };
		7CF87F4D25AE498A00BD9D06 /* Astro Launches WatchKit App.app */ = {isa = PBXFileReference; explicitFileType = wrapper.application; includeInIndex = 0; path = "Astro Launches WatchKit App.app"; sourceTree = BUILT_PRODUCTS_DIR; };
		7CF87F5225AE498B00BD9D06 /* Assets.xcassets */ = {isa = PBXFileReference; lastKnownFileType = folder.assetcatalog; path = Assets.xcassets; sourceTree = "<group>"; };
		7CF87F5425AE498B00BD9D06 /* Info.plist */ = {isa = PBXFileReference; lastKnownFileType = text.plist.xml; path = Info.plist; sourceTree = "<group>"; };
		7CF87F5925AE498B00BD9D06 /* Astro Launches WatchKit Extension.appex */ = {isa = PBXFileReference; explicitFileType = "wrapper.app-extension"; includeInIndex = 0; path = "Astro Launches WatchKit Extension.appex"; sourceTree = BUILT_PRODUCTS_DIR; };
		7CF87F5E25AE498B00BD9D06 /* Astro_LaunchesApp.swift */ = {isa = PBXFileReference; lastKnownFileType = sourcecode.swift; path = Astro_LaunchesApp.swift; sourceTree = "<group>"; };
		7CF87F6025AE498B00BD9D06 /* ContentView.swift */ = {isa = PBXFileReference; lastKnownFileType = sourcecode.swift; path = ContentView.swift; sourceTree = "<group>"; };
		7CF87F6225AE498B00BD9D06 /* NotificationController.swift */ = {isa = PBXFileReference; lastKnownFileType = sourcecode.swift; path = NotificationController.swift; sourceTree = "<group>"; };
		7CF87F6425AE498B00BD9D06 /* NotificationView.swift */ = {isa = PBXFileReference; lastKnownFileType = sourcecode.swift; path = NotificationView.swift; sourceTree = "<group>"; };
		7CF87F6625AE498B00BD9D06 /* ComplicationController.swift */ = {isa = PBXFileReference; lastKnownFileType = sourcecode.swift; path = ComplicationController.swift; sourceTree = "<group>"; };
		7CF87F6825AE498C00BD9D06 /* Assets.xcassets */ = {isa = PBXFileReference; lastKnownFileType = folder.assetcatalog; path = Assets.xcassets; sourceTree = "<group>"; };
		7CF87F6B25AE498C00BD9D06 /* Preview Assets.xcassets */ = {isa = PBXFileReference; lastKnownFileType = folder.assetcatalog; path = "Preview Assets.xcassets"; sourceTree = "<group>"; };
		7CF87F6D25AE498C00BD9D06 /* Info.plist */ = {isa = PBXFileReference; lastKnownFileType = text.plist.xml; path = Info.plist; sourceTree = "<group>"; };
		7CF87F6E25AE498C00BD9D06 /* PushNotificationPayload.apns */ = {isa = PBXFileReference; lastKnownFileType = text; path = PushNotificationPayload.apns; sourceTree = "<group>"; };
		7CF87F8325AE49B600BD9D06 /* Astro Launches TV.app */ = {isa = PBXFileReference; explicitFileType = wrapper.application; includeInIndex = 0; path = "Astro Launches TV.app"; sourceTree = BUILT_PRODUCTS_DIR; };
		7CF87F8525AE49B600BD9D06 /* Astro_Launches_TVApp.swift */ = {isa = PBXFileReference; lastKnownFileType = sourcecode.swift; path = Astro_Launches_TVApp.swift; sourceTree = "<group>"; };
		7CF87F8725AE49B600BD9D06 /* OpsFloorView.swift */ = {isa = PBXFileReference; lastKnownFileType = sourcecode.swift; path = OpsFloorView.swift; sourceTree = "<group>"; };
		7CF87F8925AE49B700BD9D06 /* Assets.xcassets */ = {isa = PBXFileReference; lastKnownFileType = folder.assetcatalog; path = Assets.xcassets; sourceTree = "<group>"; };
		7CF87F8C25AE49B700BD9D06 /* Preview Assets.xcassets */ = {isa = PBXFileReference; lastKnownFileType = folder.assetcatalog; path = "Preview Assets.xcassets"; sourceTree = "<group>"; };
		7CF87F9325AE49B700BD9D06 /* Info.plist */ = {isa = PBXFileReference; lastKnownFileType = text.plist.xml; path = Info.plist; sourceTree = "<group>"; };
/* End PBXFileReference section */

/* Begin PBXFrameworksBuildPhase section */
		7CF87F1D25AE45F300BD9D06 /* Frameworks */ = {
			isa = PBXFrameworksBuildPhase;
			buildActionMask = 2147483647;
			files = (
				7C268AD0270E4C3E005932AB /* SDWebImageSwiftUI in Frameworks */,
				7C83150125AE52B700E18441 /* AstroSwiftFoundation in Frameworks */,
			);
			runOnlyForDeploymentPostprocessing = 0;
		};
		7CF87F2525AE45F300BD9D06 /* Frameworks */ = {
			isa = PBXFrameworksBuildPhase;
			buildActionMask = 2147483647;
			files = (
				7C37E65B2603CDC300F259F8 /* AstroSwiftFoundation in Frameworks */,
			);
			runOnlyForDeploymentPostprocessing = 0;
		};
		7CF87F5625AE498B00BD9D06 /* Frameworks */ = {
			isa = PBXFrameworksBuildPhase;
			buildActionMask = 2147483647;
			files = (
			);
			runOnlyForDeploymentPostprocessing = 0;
		};
		7CF87F8025AE49B600BD9D06 /* Frameworks */ = {
			isa = PBXFrameworksBuildPhase;
			buildActionMask = 2147483647;
			files = (
				7C268AD2270E4E09005932AB /* SDWebImageSwiftUI in Frameworks */,
				7C5A1B18261BB5E700E452DE /* AstroSwiftFoundation in Frameworks */,
			);
			runOnlyForDeploymentPostprocessing = 0;
		};
/* End PBXFrameworksBuildPhase section */

/* Begin PBXGroup section */
		7C37E6592603CDC300F259F8 /* Frameworks */ = {
			isa = PBXGroup;
			children = (
			);
			name = Frameworks;
			sourceTree = "<group>";
		};
		7C6A025626278C0C00273563 /* Preview Content */ = {
			isa = PBXGroup;
			children = (
				7C6A025D26278C6900273563 /* Preview Assets.xcassets */,
			);
			path = "Preview Content";
			sourceTree = "<group>";
		};
		7CF87F1025AE45F200BD9D06 = {
			isa = PBXGroup;
			children = (
				7CF87F1525AE45F300BD9D06 /* Shared */,
				7CF87F2225AE45F300BD9D06 /* iOS */,
				7CF87F2925AE45F300BD9D06 /* macOS */,
				7CF87F5125AE498A00BD9D06 /* Astro Launches WatchKit App */,
				7CF87F5D25AE498B00BD9D06 /* Astro Launches WatchKit Extension */,
				7CF87F8425AE49B600BD9D06 /* Astro Launches TV */,
				7CF87F2125AE45F300BD9D06 /* Products */,
				7C37E6592603CDC300F259F8 /* Frameworks */,
			);
			sourceTree = "<group>";
		};
		7CF87F1525AE45F300BD9D06 /* Shared */ = {
			isa = PBXGroup;
			children = (
				7C7E0C83279F79AD00F07BDF /* ColorSchemeAutomatic.swift */,
				7C5661F526D99BBA00191E7A /* View+ConditionalModifier.swift */,
				7C54437F26178C65007CCCC4 /* DateFormatters.swift */,
				7CD3C90426028B020071FB78 /* NetworkManager.swift */,
				7C6954092612876E008A811E /* Launch.swift */,
				7C79988226FB7EC700FCAEF2 /* Colors.swift */,
				7C8976C127556A8F000815F7 /* CentralTimer.swift */,
				7CB1EE8627062383004E0CD4 /* Tag.swift */,
				7C3CB5D5270F4F98000448C6 /* LaunchClock.swift */,
				7C3CB5D9270F4FA4000448C6 /* LaunchCalendar.swift */,
				7C3CB5DD270F4FD1000448C6 /* LaunchCountdown.swift */,
				7C9BDD87271642EC00A97374 /* PadMap.swift */,
				7C44C05B2608FEDB00B8D86A /* launches.json */,
				7CF87F1B25AE45F300BD9D06 /* Assets.xcassets */,
				7C6A025626278C0C00273563 /* Preview Content */,
			);
			path = Shared;
			sourceTree = "<group>";
		};
		7CF87F2125AE45F300BD9D06 /* Products */ = {
			isa = PBXGroup;
			children = (
				7CF87F2025AE45F300BD9D06 /* Astro Launches.app */,
				7CF87F2825AE45F300BD9D06 /* Astro Launches.app */,
				7CF87F4D25AE498A00BD9D06 /* Astro Launches WatchKit App.app */,
				7CF87F5925AE498B00BD9D06 /* Astro Launches WatchKit Extension.appex */,
				7CF87F8325AE49B600BD9D06 /* Astro Launches TV.app */,
			);
			name = Products;
			sourceTree = "<group>";
		};
		7CF87F2225AE45F300BD9D06 /* iOS */ = {
			isa = PBXGroup;
			children = (
				7CF87F1825AE45F300BD9D06 /* AstroLaunchesApp.swift */,
				7C834937260931D1008B4895 /* Settings.swift */,
				7CF87F1925AE45F300BD9D06 /* LaunchList.swift */,
				7C3D4CCD2603EFDA00CB0C41 /* LaunchRow.swift */,
				7C7243C826E8188400233B33 /* LaunchDetail.swift */,
				7CB0A2C72788F99200A542D5 /* SettingsView.swift */,
				7CF87F2325AE45F300BD9D06 /* Info.plist */,
			);
			path = iOS;
			sourceTree = "<group>";
		};
		7CF87F2925AE45F300BD9D06 /* macOS */ = {
			isa = PBXGroup;
			children = (
				7CF87F2A25AE45F300BD9D06 /* Info.plist */,
				7CF87F2B25AE45F300BD9D06 /* macOS.entitlements */,
			);
			path = macOS;
			sourceTree = "<group>";
		};
		7CF87F5125AE498A00BD9D06 /* Astro Launches WatchKit App */ = {
			isa = PBXGroup;
			children = (
				7CF87F5225AE498B00BD9D06 /* Assets.xcassets */,
				7CF87F5425AE498B00BD9D06 /* Info.plist */,
			);
			path = "Astro Launches WatchKit App";
			sourceTree = "<group>";
		};
		7CF87F5D25AE498B00BD9D06 /* Astro Launches WatchKit Extension */ = {
			isa = PBXGroup;
			children = (
				7CF87F5E25AE498B00BD9D06 /* Astro_LaunchesApp.swift */,
				7CF87F6025AE498B00BD9D06 /* ContentView.swift */,
				7CF87F6225AE498B00BD9D06 /* NotificationController.swift */,
				7CF87F6425AE498B00BD9D06 /* NotificationView.swift */,
				7CF87F6625AE498B00BD9D06 /* ComplicationController.swift */,
				7CF87F6825AE498C00BD9D06 /* Assets.xcassets */,
				7CF87F6D25AE498C00BD9D06 /* Info.plist */,
				7CF87F6E25AE498C00BD9D06 /* PushNotificationPayload.apns */,
				7CF87F6A25AE498C00BD9D06 /* Preview Content */,
			);
			path = "Astro Launches WatchKit Extension";
			sourceTree = "<group>";
		};
		7CF87F6A25AE498C00BD9D06 /* Preview Content */ = {
			isa = PBXGroup;
			children = (
				7CF87F6B25AE498C00BD9D06 /* Preview Assets.xcassets */,
			);
			path = "Preview Content";
			sourceTree = "<group>";
		};
		7CF87F8425AE49B600BD9D06 /* Astro Launches TV */ = {
			isa = PBXGroup;
			children = (
				7CF87F8525AE49B600BD9D06 /* Astro_Launches_TVApp.swift */,
				7CF43B5D27E256E400A7DD4F /* ContentView.swift */,
				7CF87F8725AE49B600BD9D06 /* OpsFloorView.swift */,
				7CA49FA9270BB08F00181220 /* ConferenceRoomView.swift */,
				7CF260E027E3C1990030A98F /* GiantLaunchCountdown.swift */,
				7CF87F8925AE49B700BD9D06 /* Assets.xcassets */,
				7CF87F9325AE49B700BD9D06 /* Info.plist */,
				7CF87F8B25AE49B700BD9D06 /* Preview Content */,
			);
			path = "Astro Launches TV";
			sourceTree = "<group>";
		};
		7CF87F8B25AE49B700BD9D06 /* Preview Content */ = {
			isa = PBXGroup;
			children = (
				7CF87F8C25AE49B700BD9D06 /* Preview Assets.xcassets */,
			);
			path = "Preview Content";
			sourceTree = "<group>";
		};
/* End PBXGroup section */

/* Begin PBXNativeTarget section */
		7CF87F1F25AE45F300BD9D06 /* Astro Launches (iOS) */ = {
			isa = PBXNativeTarget;
			buildConfigurationList = 7CF87F3825AE45F300BD9D06 /* Build configuration list for PBXNativeTarget "Astro Launches (iOS)" */;
			buildPhases = (
				7CF87F1C25AE45F300BD9D06 /* Sources */,
				7CF87F1D25AE45F300BD9D06 /* Frameworks */,
				7CF87F1E25AE45F300BD9D06 /* Resources */,
			);
			buildRules = (
			);
			dependencies = (
			);
			name = "Astro Launches (iOS)";
			packageProductDependencies = (
				7C83150025AE52B700E18441 /* AstroSwiftFoundation */,
				7C268ACF270E4C3E005932AB /* SDWebImageSwiftUI */,
			);
			productName = "Astro Launches (iOS)";
			productReference = 7CF87F2025AE45F300BD9D06 /* Astro Launches.app */;
			productType = "com.apple.product-type.application";
		};
		7CF87F2725AE45F300BD9D06 /* Astro Launches (macOS) */ = {
			isa = PBXNativeTarget;
			buildConfigurationList = 7CF87F3B25AE45F300BD9D06 /* Build configuration list for PBXNativeTarget "Astro Launches (macOS)" */;
			buildPhases = (
				7CF87F2425AE45F300BD9D06 /* Sources */,
				7CF87F2525AE45F300BD9D06 /* Frameworks */,
				7CF87F2625AE45F300BD9D06 /* Resources */,
			);
			buildRules = (
			);
			dependencies = (
			);
			name = "Astro Launches (macOS)";
			packageProductDependencies = (
				7C37E65A2603CDC300F259F8 /* AstroSwiftFoundation */,
			);
			productName = "Astro Launches (macOS)";
			productReference = 7CF87F2825AE45F300BD9D06 /* Astro Launches.app */;
			productType = "com.apple.product-type.application";
		};
		7CF87F4C25AE498A00BD9D06 /* Astro Launches WatchKit App */ = {
			isa = PBXNativeTarget;
			buildConfigurationList = 7CF87F7325AE498C00BD9D06 /* Build configuration list for PBXNativeTarget "Astro Launches WatchKit App" */;
			buildPhases = (
				7CF87F4B25AE498A00BD9D06 /* Resources */,
				7CF87F7225AE498C00BD9D06 /* Embed App Extensions */,
			);
			buildRules = (
			);
			dependencies = (
				7CF87F5C25AE498B00BD9D06 /* PBXTargetDependency */,
			);
			name = "Astro Launches WatchKit App";
			productName = "Astro Launches WatchKit App";
			productReference = 7CF87F4D25AE498A00BD9D06 /* Astro Launches WatchKit App.app */;
			productType = "com.apple.product-type.application.watchapp2";
		};
		7CF87F5825AE498B00BD9D06 /* Astro Launches WatchKit Extension */ = {
			isa = PBXNativeTarget;
			buildConfigurationList = 7CF87F6F25AE498C00BD9D06 /* Build configuration list for PBXNativeTarget "Astro Launches WatchKit Extension" */;
			buildPhases = (
				7CF87F5525AE498B00BD9D06 /* Sources */,
				7CF87F5625AE498B00BD9D06 /* Frameworks */,
				7CF87F5725AE498B00BD9D06 /* Resources */,
			);
			buildRules = (
			);
			dependencies = (
			);
			name = "Astro Launches WatchKit Extension";
			productName = "Astro Launches WatchKit Extension";
			productReference = 7CF87F5925AE498B00BD9D06 /* Astro Launches WatchKit Extension.appex */;
			productType = "com.apple.product-type.watchkit2-extension";
		};
		7CF87F8225AE49B600BD9D06 /* Astro Launches TV */ = {
			isa = PBXNativeTarget;
			buildConfigurationList = 7CF87F9425AE49B700BD9D06 /* Build configuration list for PBXNativeTarget "Astro Launches TV" */;
			buildPhases = (
				7CF87F7F25AE49B600BD9D06 /* Sources */,
				7CF87F8025AE49B600BD9D06 /* Frameworks */,
				7CF87F8125AE49B600BD9D06 /* Resources */,
			);
			buildRules = (
			);
			dependencies = (
			);
			name = "Astro Launches TV";
			packageProductDependencies = (
				7C5A1B17261BB5E700E452DE /* AstroSwiftFoundation */,
				7C268AD1270E4E09005932AB /* SDWebImageSwiftUI */,
			);
			productName = "Astro Launches TV";
			productReference = 7CF87F8325AE49B600BD9D06 /* Astro Launches TV.app */;
			productType = "com.apple.product-type.application";
		};
/* End PBXNativeTarget section */

/* Begin PBXProject section */
		7CF87F1125AE45F200BD9D06 /* Project object */ = {
			isa = PBXProject;
			attributes = {
				LastSwiftUpdateCheck = 1230;
				LastUpgradeCheck = 1240;
				TargetAttributes = {
					7CF87F1F25AE45F300BD9D06 = {
						CreatedOnToolsVersion = 12.3;
					};
					7CF87F2725AE45F300BD9D06 = {
						CreatedOnToolsVersion = 12.3;
					};
					7CF87F4C25AE498A00BD9D06 = {
						CreatedOnToolsVersion = 12.3;
					};
					7CF87F5825AE498B00BD9D06 = {
						CreatedOnToolsVersion = 12.3;
					};
					7CF87F8225AE49B600BD9D06 = {
						CreatedOnToolsVersion = 12.3;
					};
				};
			};
			buildConfigurationList = 7CF87F1425AE45F200BD9D06 /* Build configuration list for PBXProject "Astro Launches" */;
			compatibilityVersion = "Xcode 9.3";
			developmentRegion = en;
			hasScannedForEncodings = 0;
			knownRegions = (
				en,
				Base,
			);
			mainGroup = 7CF87F1025AE45F200BD9D06;
			packageReferences = (
				7C8314FF25AE52B700E18441 /* XCRemoteSwiftPackageReference "AstroSwiftFoundation" */,
				7C268ACE270E4C3E005932AB /* XCRemoteSwiftPackageReference "SDWebImageSwiftUI" */,
			);
			productRefGroup = 7CF87F2125AE45F300BD9D06 /* Products */;
			projectDirPath = "";
			projectRoot = "";
			targets = (
				7CF87F1F25AE45F300BD9D06 /* Astro Launches (iOS) */,
				7CF87F2725AE45F300BD9D06 /* Astro Launches (macOS) */,
				7CF87F4C25AE498A00BD9D06 /* Astro Launches WatchKit App */,
				7CF87F5825AE498B00BD9D06 /* Astro Launches WatchKit Extension */,
				7CF87F8225AE49B600BD9D06 /* Astro Launches TV */,
			);
		};
/* End PBXProject section */

/* Begin PBXResourcesBuildPhase section */
		7CF87F1E25AE45F300BD9D06 /* Resources */ = {
			isa = PBXResourcesBuildPhase;
			buildActionMask = 2147483647;
			files = (
				7C44C05C2608FEDB00B8D86A /* launches.json in Resources */,
				7C6A025E26278C6900273563 /* Preview Assets.xcassets in Resources */,
				7CF87F3425AE45F300BD9D06 /* Assets.xcassets in Resources */,
			);
			runOnlyForDeploymentPostprocessing = 0;
		};
		7CF87F2625AE45F300BD9D06 /* Resources */ = {
			isa = PBXResourcesBuildPhase;
			buildActionMask = 2147483647;
			files = (
				7C44C05D2608FEDB00B8D86A /* launches.json in Resources */,
				7C6A025F26278C6900273563 /* Preview Assets.xcassets in Resources */,
				7CF87F3525AE45F300BD9D06 /* Assets.xcassets in Resources */,
			);
			runOnlyForDeploymentPostprocessing = 0;
		};
		7CF87F4B25AE498A00BD9D06 /* Resources */ = {
			isa = PBXResourcesBuildPhase;
			buildActionMask = 2147483647;
			files = (
				7CF87F5325AE498B00BD9D06 /* Assets.xcassets in Resources */,
			);
			runOnlyForDeploymentPostprocessing = 0;
		};
		7CF87F5725AE498B00BD9D06 /* Resources */ = {
			isa = PBXResourcesBuildPhase;
			buildActionMask = 2147483647;
			files = (
				7C6A026026278C6900273563 /* Preview Assets.xcassets in Resources */,
				7CF87F6C25AE498C00BD9D06 /* Preview Assets.xcassets in Resources */,
				7CF87F6925AE498C00BD9D06 /* Assets.xcassets in Resources */,
				7C44C05E2608FEDB00B8D86A /* launches.json in Resources */,
			);
			runOnlyForDeploymentPostprocessing = 0;
		};
		7CF87F8125AE49B600BD9D06 /* Resources */ = {
			isa = PBXResourcesBuildPhase;
			buildActionMask = 2147483647;
			files = (
				7C6A026126278C6900273563 /* Preview Assets.xcassets in Resources */,
				7CF87F8D25AE49B700BD9D06 /* Preview Assets.xcassets in Resources */,
				7CF87F8A25AE49B700BD9D06 /* Assets.xcassets in Resources */,
				7C44C05F2608FEDB00B8D86A /* launches.json in Resources */,
				7C8BFBF1270374BD00D6AB09 /* Assets.xcassets in Resources */,
			);
			runOnlyForDeploymentPostprocessing = 0;
		};
/* End PBXResourcesBuildPhase section */

/* Begin PBXSourcesBuildPhase section */
		7CF87F1C25AE45F300BD9D06 /* Sources */ = {
			isa = PBXSourcesBuildPhase;
			buildActionMask = 2147483647;
			files = (
				7C7E0C84279F79AD00F07BDF /* ColorSchemeAutomatic.swift in Sources */,
				7CD3C90526028B020071FB78 /* NetworkManager.swift in Sources */,
				7C54438026178C65007CCCC4 /* DateFormatters.swift in Sources */,
				7C5661F626D99BBA00191E7A /* View+ConditionalModifier.swift in Sources */,
				7C3CB5D6270F4F98000448C6 /* LaunchClock.swift in Sources */,
				7C3D4CCE2603EFDA00CB0C41 /* LaunchRow.swift in Sources */,
				7CB0A2C82788F99200A542D5 /* SettingsView.swift in Sources */,
				7CF87F2E25AE45F300BD9D06 /* AstroLaunchesApp.swift in Sources */,
				7C3CB5DE270F4FD1000448C6 /* LaunchCountdown.swift in Sources */,
				7C8976C227556A8F000815F7 /* CentralTimer.swift in Sources */,
				7C79988326FB7EC700FCAEF2 /* Colors.swift in Sources */,
				7C9BDD88271642EC00A97374 /* PadMap.swift in Sources */,
				7CB1EE8727062383004E0CD4 /* Tag.swift in Sources */,
				7CF87F3025AE45F300BD9D06 /* LaunchList.swift in Sources */,
				7C3CB5DA270F4FA4000448C6 /* LaunchCalendar.swift in Sources */,
				7C7243C926E8188400233B33 /* LaunchDetail.swift in Sources */,
				7C69540A2612876E008A811E /* Launch.swift in Sources */,
				7C834938260931D1008B4895 /* Settings.swift in Sources */,
			);
			runOnlyForDeploymentPostprocessing = 0;
		};
		7CF87F2425AE45F300BD9D06 /* Sources */ = {
			isa = PBXSourcesBuildPhase;
			buildActionMask = 2147483647;
			files = (
				7CD3C90626028B020071FB78 /* NetworkManager.swift in Sources */,
				7C54438126178C65007CCCC4 /* DateFormatters.swift in Sources */,
				7C5661F726D99BBA00191E7A /* View+ConditionalModifier.swift in Sources */,
				7C3CB5D7270F4F98000448C6 /* LaunchClock.swift in Sources */,
				7C3D4CCF2603EFDA00CB0C41 /* LaunchRow.swift in Sources */,
				7C7E0C85279F79AD00F07BDF /* ColorSchemeAutomatic.swift in Sources */,
				7CF87F2F25AE45F300BD9D06 /* AstroLaunchesApp.swift in Sources */,
				7C3CB5DF270F4FD1000448C6 /* LaunchCountdown.swift in Sources */,
				7C8976C327556A8F000815F7 /* CentralTimer.swift in Sources */,
				7C79988426FB7EC700FCAEF2 /* Colors.swift in Sources */,
				7C9BDD89271642EC00A97374 /* PadMap.swift in Sources */,
				7CB1EE8827062810004E0CD4 /* Tag.swift in Sources */,
				7CF87F3125AE45F300BD9D06 /* LaunchList.swift in Sources */,
				7C3CB5DB270F4FA4000448C6 /* LaunchCalendar.swift in Sources */,
				7C7243CA26E8188400233B33 /* LaunchDetail.swift in Sources */,
				7C69540B2612876E008A811E /* Launch.swift in Sources */,
				7C834939260931D1008B4895 /* Settings.swift in Sources */,
			);
			runOnlyForDeploymentPostprocessing = 0;
		};
		7CF87F5525AE498B00BD9D06 /* Sources */ = {
			isa = PBXSourcesBuildPhase;
			buildActionMask = 2147483647;
			files = (
				7CF87F6325AE498B00BD9D06 /* NotificationController.swift in Sources */,
				7C79988526FB7EC700FCAEF2 /* Colors.swift in Sources */,
				7CF87F6125AE498B00BD9D06 /* ContentView.swift in Sources */,
				7CF87F6725AE498B00BD9D06 /* ComplicationController.swift in Sources */,
				7CF87F5F25AE498B00BD9D06 /* Astro_LaunchesApp.swift in Sources */,
				7CF87F6525AE498B00BD9D06 /* NotificationView.swift in Sources */,
			);
			runOnlyForDeploymentPostprocessing = 0;
		};
		7CF87F7F25AE49B600BD9D06 /* Sources */ = {
			isa = PBXSourcesBuildPhase;
			buildActionMask = 2147483647;
			files = (
				7C47D6182710B53100F5997E /* LaunchCountdown.swift in Sources */,
				7CB1EE8927062816004E0CD4 /* Tag.swift in Sources */,
				7C5A1B09261BB52B00E452DE /* DateFormatters.swift in Sources */,
				7C8976C427556A8F000815F7 /* CentralTimer.swift in Sources */,
				7CF260E127E3C1990030A98F /* GiantLaunchCountdown.swift in Sources */,
				7C5A1AFB261BB51A00E452DE /* NetworkManager.swift in Sources */,
				7C3CB5DC270F4FA4000448C6 /* LaunchCalendar.swift in Sources */,
				7CA49FAA270BB08F00181220 /* ConferenceRoomView.swift in Sources */,
				7CF87F8825AE49B600BD9D06 /* OpsFloorView.swift in Sources */,
				7C8BFBF22703808C00D6AB09 /* Colors.swift in Sources */,
				7C5A1B10261BB54500E452DE /* Settings.swift in Sources */,
				7C5A1B02261BB52300E452DE /* Launch.swift in Sources */,
				7CF43B5E27E256E400A7DD4F /* ContentView.swift in Sources */,
				7CF87F8625AE49B600BD9D06 /* Astro_Launches_TVApp.swift in Sources */,
				7C9BDD8A271642EC00A97374 /* PadMap.swift in Sources */,
				7C3CB5D8270F4F98000448C6 /* LaunchClock.swift in Sources */,
			);
			runOnlyForDeploymentPostprocessing = 0;
		};
/* End PBXSourcesBuildPhase section */

/* Begin PBXTargetDependency section */
		7CF87F5C25AE498B00BD9D06 /* PBXTargetDependency */ = {
			isa = PBXTargetDependency;
			target = 7CF87F5825AE498B00BD9D06 /* Astro Launches WatchKit Extension */;
			targetProxy = 7CF87F5B25AE498B00BD9D06 /* PBXContainerItemProxy */;
		};
/* End PBXTargetDependency section */

/* Begin XCBuildConfiguration section */
		7CF87F3625AE45F300BD9D06 /* Debug */ = {
			isa = XCBuildConfiguration;
			buildSettings = {
				ALWAYS_SEARCH_USER_PATHS = NO;
				CLANG_ANALYZER_NONNULL = YES;
				CLANG_ANALYZER_NUMBER_OBJECT_CONVERSION = YES_AGGRESSIVE;
				CLANG_CXX_LANGUAGE_STANDARD = "gnu++14";
				CLANG_CXX_LIBRARY = "libc++";
				CLANG_ENABLE_MODULES = YES;
				CLANG_ENABLE_OBJC_ARC = YES;
				CLANG_ENABLE_OBJC_WEAK = YES;
				CLANG_WARN_BLOCK_CAPTURE_AUTORELEASING = YES;
				CLANG_WARN_BOOL_CONVERSION = YES;
				CLANG_WARN_COMMA = YES;
				CLANG_WARN_CONSTANT_CONVERSION = YES;
				CLANG_WARN_DEPRECATED_OBJC_IMPLEMENTATIONS = YES;
				CLANG_WARN_DIRECT_OBJC_ISA_USAGE = YES_ERROR;
				CLANG_WARN_DOCUMENTATION_COMMENTS = YES;
				CLANG_WARN_EMPTY_BODY = YES;
				CLANG_WARN_ENUM_CONVERSION = YES;
				CLANG_WARN_INFINITE_RECURSION = YES;
				CLANG_WARN_INT_CONVERSION = YES;
				CLANG_WARN_NON_LITERAL_NULL_CONVERSION = YES;
				CLANG_WARN_OBJC_IMPLICIT_RETAIN_SELF = YES;
				CLANG_WARN_OBJC_LITERAL_CONVERSION = YES;
				CLANG_WARN_OBJC_ROOT_CLASS = YES_ERROR;
				CLANG_WARN_QUOTED_INCLUDE_IN_FRAMEWORK_HEADER = YES;
				CLANG_WARN_RANGE_LOOP_ANALYSIS = YES;
				CLANG_WARN_STRICT_PROTOTYPES = YES;
				CLANG_WARN_SUSPICIOUS_MOVE = YES;
				CLANG_WARN_UNGUARDED_AVAILABILITY = YES_AGGRESSIVE;
				CLANG_WARN_UNREACHABLE_CODE = YES;
				CLANG_WARN__DUPLICATE_METHOD_MATCH = YES;
				COPY_PHASE_STRIP = NO;
				DEBUG_INFORMATION_FORMAT = dwarf;
				ENABLE_STRICT_OBJC_MSGSEND = YES;
				ENABLE_TESTABILITY = YES;
				GCC_C_LANGUAGE_STANDARD = gnu11;
				GCC_DYNAMIC_NO_PIC = NO;
				GCC_NO_COMMON_BLOCKS = YES;
				GCC_OPTIMIZATION_LEVEL = 0;
				GCC_PREPROCESSOR_DEFINITIONS = (
					"DEBUG=1",
					"$(inherited)",
				);
				GCC_WARN_64_TO_32_BIT_CONVERSION = YES;
				GCC_WARN_ABOUT_RETURN_TYPE = YES_ERROR;
				GCC_WARN_UNDECLARED_SELECTOR = YES;
				GCC_WARN_UNINITIALIZED_AUTOS = YES_AGGRESSIVE;
				GCC_WARN_UNUSED_FUNCTION = YES;
				GCC_WARN_UNUSED_VARIABLE = YES;
				IPHONEOS_DEPLOYMENT_TARGET = 15.0;
				MTL_ENABLE_DEBUG_INFO = INCLUDE_SOURCE;
				MTL_FAST_MATH = YES;
				ONLY_ACTIVE_ARCH = YES;
				SWIFT_ACTIVE_COMPILATION_CONDITIONS = DEBUG;
				SWIFT_OPTIMIZATION_LEVEL = "-Onone";
				TVOS_DEPLOYMENT_TARGET = 15.0;
			};
			name = Debug;
		};
		7CF87F3725AE45F300BD9D06 /* Release */ = {
			isa = XCBuildConfiguration;
			buildSettings = {
				ALWAYS_SEARCH_USER_PATHS = NO;
				CLANG_ANALYZER_NONNULL = YES;
				CLANG_ANALYZER_NUMBER_OBJECT_CONVERSION = YES_AGGRESSIVE;
				CLANG_CXX_LANGUAGE_STANDARD = "gnu++14";
				CLANG_CXX_LIBRARY = "libc++";
				CLANG_ENABLE_MODULES = YES;
				CLANG_ENABLE_OBJC_ARC = YES;
				CLANG_ENABLE_OBJC_WEAK = YES;
				CLANG_WARN_BLOCK_CAPTURE_AUTORELEASING = YES;
				CLANG_WARN_BOOL_CONVERSION = YES;
				CLANG_WARN_COMMA = YES;
				CLANG_WARN_CONSTANT_CONVERSION = YES;
				CLANG_WARN_DEPRECATED_OBJC_IMPLEMENTATIONS = YES;
				CLANG_WARN_DIRECT_OBJC_ISA_USAGE = YES_ERROR;
				CLANG_WARN_DOCUMENTATION_COMMENTS = YES;
				CLANG_WARN_EMPTY_BODY = YES;
				CLANG_WARN_ENUM_CONVERSION = YES;
				CLANG_WARN_INFINITE_RECURSION = YES;
				CLANG_WARN_INT_CONVERSION = YES;
				CLANG_WARN_NON_LITERAL_NULL_CONVERSION = YES;
				CLANG_WARN_OBJC_IMPLICIT_RETAIN_SELF = YES;
				CLANG_WARN_OBJC_LITERAL_CONVERSION = YES;
				CLANG_WARN_OBJC_ROOT_CLASS = YES_ERROR;
				CLANG_WARN_QUOTED_INCLUDE_IN_FRAMEWORK_HEADER = YES;
				CLANG_WARN_RANGE_LOOP_ANALYSIS = YES;
				CLANG_WARN_STRICT_PROTOTYPES = YES;
				CLANG_WARN_SUSPICIOUS_MOVE = YES;
				CLANG_WARN_UNGUARDED_AVAILABILITY = YES_AGGRESSIVE;
				CLANG_WARN_UNREACHABLE_CODE = YES;
				CLANG_WARN__DUPLICATE_METHOD_MATCH = YES;
				COPY_PHASE_STRIP = NO;
				DEBUG_INFORMATION_FORMAT = "dwarf-with-dsym";
				ENABLE_NS_ASSERTIONS = NO;
				ENABLE_STRICT_OBJC_MSGSEND = YES;
				GCC_C_LANGUAGE_STANDARD = gnu11;
				GCC_NO_COMMON_BLOCKS = YES;
				GCC_WARN_64_TO_32_BIT_CONVERSION = YES;
				GCC_WARN_ABOUT_RETURN_TYPE = YES_ERROR;
				GCC_WARN_UNDECLARED_SELECTOR = YES;
				GCC_WARN_UNINITIALIZED_AUTOS = YES_AGGRESSIVE;
				GCC_WARN_UNUSED_FUNCTION = YES;
				GCC_WARN_UNUSED_VARIABLE = YES;
				IPHONEOS_DEPLOYMENT_TARGET = 15.0;
				MTL_ENABLE_DEBUG_INFO = NO;
				MTL_FAST_MATH = YES;
				SWIFT_COMPILATION_MODE = wholemodule;
				SWIFT_OPTIMIZATION_LEVEL = "-O";
				TVOS_DEPLOYMENT_TARGET = 15.0;
			};
			name = Release;
		};
		7CF87F3925AE45F300BD9D06 /* Debug */ = {
			isa = XCBuildConfiguration;
			buildSettings = {
				ASSETCATALOG_COMPILER_APPICON_NAME = AppIcon;
				ASSETCATALOG_COMPILER_GLOBAL_ACCENT_COLOR_NAME = AccentColor;
				CODE_SIGN_STYLE = Automatic;
				DEVELOPMENT_ASSET_PATHS = "Shared/Preview\\ Content";
				DEVELOPMENT_TEAM = H4S8Z5V45T;
				ENABLE_PREVIEWS = YES;
				INFOPLIST_FILE = iOS/Info.plist;
				IPHONEOS_DEPLOYMENT_TARGET = 15.0;
				LD_RUNPATH_SEARCH_PATHS = (
					"$(inherited)",
					"@executable_path/Frameworks",
				);
				MARKETING_VERSION = 1.2;
				PRODUCT_BUNDLE_IDENTIFIER = "com.rocketcom.Astro-Launches";
				PRODUCT_NAME = "Astro Launches";
				SDKROOT = iphoneos;
				SWIFT_VERSION = 5.0;
				TARGETED_DEVICE_FAMILY = "1,2";
			};
			name = Debug;
		};
		7CF87F3A25AE45F300BD9D06 /* Release */ = {
			isa = XCBuildConfiguration;
			buildSettings = {
				ASSETCATALOG_COMPILER_APPICON_NAME = AppIcon;
				ASSETCATALOG_COMPILER_GLOBAL_ACCENT_COLOR_NAME = AccentColor;
				CODE_SIGN_STYLE = Automatic;
				DEVELOPMENT_ASSET_PATHS = "Shared/Preview\\ Content";
				DEVELOPMENT_TEAM = H4S8Z5V45T;
				ENABLE_PREVIEWS = YES;
				INFOPLIST_FILE = iOS/Info.plist;
				IPHONEOS_DEPLOYMENT_TARGET = 15.0;
				LD_RUNPATH_SEARCH_PATHS = (
					"$(inherited)",
					"@executable_path/Frameworks",
				);
				MARKETING_VERSION = 1.2;
				PRODUCT_BUNDLE_IDENTIFIER = "com.rocketcom.Astro-Launches";
				PRODUCT_NAME = "Astro Launches";
				SDKROOT = iphoneos;
				SWIFT_VERSION = 5.0;
				TARGETED_DEVICE_FAMILY = "1,2";
				VALIDATE_PRODUCT = YES;
			};
			name = Release;
		};
		7CF87F3C25AE45F300BD9D06 /* Debug */ = {
			isa = XCBuildConfiguration;
			buildSettings = {
				ASSETCATALOG_COMPILER_APPICON_NAME = AppIcon;
				ASSETCATALOG_COMPILER_GLOBAL_ACCENT_COLOR_NAME = AccentColor;
				CODE_SIGN_ENTITLEMENTS = macOS/macOS.entitlements;
				CODE_SIGN_IDENTITY = "-";
				CODE_SIGN_STYLE = Automatic;
				COMBINE_HIDPI_IMAGES = YES;
				DEVELOPMENT_ASSET_PATHS = "Shared/Preview\\ Content";
				DEVELOPMENT_TEAM = H4S8Z5V45T;
				ENABLE_HARDENED_RUNTIME = YES;
				ENABLE_PREVIEWS = YES;
				INFOPLIST_FILE = macOS/Info.plist;
				LD_RUNPATH_SEARCH_PATHS = (
					"$(inherited)",
					"@executable_path/../Frameworks",
				);
				MACOSX_DEPLOYMENT_TARGET = 12.0;
				MARKETING_VERSION = 1.2;
				PRODUCT_BUNDLE_IDENTIFIER = "com.rocketcom.Astro-Launches";
				PRODUCT_NAME = "Astro Launches";
				SDKROOT = macosx;
				SWIFT_VERSION = 5.0;
			};
			name = Debug;
		};
		7CF87F3D25AE45F300BD9D06 /* Release */ = {
			isa = XCBuildConfiguration;
			buildSettings = {
				ASSETCATALOG_COMPILER_APPICON_NAME = AppIcon;
				ASSETCATALOG_COMPILER_GLOBAL_ACCENT_COLOR_NAME = AccentColor;
				CODE_SIGN_ENTITLEMENTS = macOS/macOS.entitlements;
				CODE_SIGN_IDENTITY = "-";
				CODE_SIGN_STYLE = Automatic;
				COMBINE_HIDPI_IMAGES = YES;
				DEVELOPMENT_ASSET_PATHS = "Shared/Preview\\ Content";
				DEVELOPMENT_TEAM = H4S8Z5V45T;
				ENABLE_HARDENED_RUNTIME = YES;
				ENABLE_PREVIEWS = YES;
				INFOPLIST_FILE = macOS/Info.plist;
				LD_RUNPATH_SEARCH_PATHS = (
					"$(inherited)",
					"@executable_path/../Frameworks",
				);
				MACOSX_DEPLOYMENT_TARGET = 12.0;
				MARKETING_VERSION = 1.2;
				PRODUCT_BUNDLE_IDENTIFIER = "com.rocketcom.Astro-Launches";
				PRODUCT_NAME = "Astro Launches";
				SDKROOT = macosx;
				SWIFT_VERSION = 5.0;
			};
			name = Release;
		};
		7CF87F7025AE498C00BD9D06 /* Debug */ = {
			isa = XCBuildConfiguration;
			buildSettings = {
				ASSETCATALOG_COMPILER_COMPLICATION_NAME = Complication;
				CODE_SIGN_STYLE = Automatic;
				DEVELOPMENT_ASSET_PATHS = "Shared/Preview\\ Content Astro\\ Launches\\ WatchKit\\ Extension/Preview\\ Content";
				DEVELOPMENT_TEAM = H4S8Z5V45T;
				ENABLE_PREVIEWS = YES;
				INFOPLIST_FILE = "Astro Launches WatchKit Extension/Info.plist";
				LD_RUNPATH_SEARCH_PATHS = (
					"$(inherited)",
					"@executable_path/Frameworks",
					"@executable_path/../../Frameworks",
				);
				MARKETING_VERSION = 1.2;
				PRODUCT_BUNDLE_IDENTIFIER = "com.rocketcom.Astro-Launches.watchkitapp.watchkitextension";
				PRODUCT_NAME = "${TARGET_NAME}";
				SDKROOT = watchos;
				SKIP_INSTALL = YES;
				SWIFT_VERSION = 5.0;
				TARGETED_DEVICE_FAMILY = 4;
				WATCHOS_DEPLOYMENT_TARGET = 8.0;
			};
			name = Debug;
		};
		7CF87F7125AE498C00BD9D06 /* Release */ = {
			isa = XCBuildConfiguration;
			buildSettings = {
				ASSETCATALOG_COMPILER_COMPLICATION_NAME = Complication;
				CODE_SIGN_STYLE = Automatic;
				DEVELOPMENT_ASSET_PATHS = "Shared/Preview\\ Content Astro\\ Launches\\ WatchKit\\ Extension/Preview\\ Content";
				DEVELOPMENT_TEAM = H4S8Z5V45T;
				ENABLE_PREVIEWS = YES;
				INFOPLIST_FILE = "Astro Launches WatchKit Extension/Info.plist";
				LD_RUNPATH_SEARCH_PATHS = (
					"$(inherited)",
					"@executable_path/Frameworks",
					"@executable_path/../../Frameworks",
				);
				MARKETING_VERSION = 1.2;
				PRODUCT_BUNDLE_IDENTIFIER = "com.rocketcom.Astro-Launches.watchkitapp.watchkitextension";
				PRODUCT_NAME = "${TARGET_NAME}";
				SDKROOT = watchos;
				SKIP_INSTALL = YES;
				SWIFT_VERSION = 5.0;
				TARGETED_DEVICE_FAMILY = 4;
				VALIDATE_PRODUCT = YES;
				WATCHOS_DEPLOYMENT_TARGET = 8.0;
			};
			name = Release;
		};
		7CF87F7425AE498C00BD9D06 /* Debug */ = {
			isa = XCBuildConfiguration;
			buildSettings = {
				ALWAYS_EMBED_SWIFT_STANDARD_LIBRARIES = YES;
				ASSETCATALOG_COMPILER_APPICON_NAME = AppIcon;
				ASSETCATALOG_COMPILER_GLOBAL_ACCENT_COLOR_NAME = AccentColor;
				CODE_SIGN_STYLE = Automatic;
				DEVELOPMENT_TEAM = H4S8Z5V45T;
				IBSC_MODULE = Astro_Launches_WatchKit_Extension;
				INFOPLIST_FILE = "Astro Launches WatchKit App/Info.plist";
				MARKETING_VERSION = 1.2;
				PRODUCT_BUNDLE_IDENTIFIER = "com.rocketcom.Astro-Launches.watchkitapp";
				PRODUCT_NAME = "$(TARGET_NAME)";
				SDKROOT = watchos;
				SKIP_INSTALL = YES;
				SWIFT_VERSION = 5.0;
				TARGETED_DEVICE_FAMILY = 4;
				WATCHOS_DEPLOYMENT_TARGET = 8.0;
			};
			name = Debug;
		};
		7CF87F7525AE498C00BD9D06 /* Release */ = {
			isa = XCBuildConfiguration;
			buildSettings = {
				ALWAYS_EMBED_SWIFT_STANDARD_LIBRARIES = YES;
				ASSETCATALOG_COMPILER_APPICON_NAME = AppIcon;
				ASSETCATALOG_COMPILER_GLOBAL_ACCENT_COLOR_NAME = AccentColor;
				CODE_SIGN_STYLE = Automatic;
				DEVELOPMENT_TEAM = H4S8Z5V45T;
				IBSC_MODULE = Astro_Launches_WatchKit_Extension;
				INFOPLIST_FILE = "Astro Launches WatchKit App/Info.plist";
				MARKETING_VERSION = 1.2;
				PRODUCT_BUNDLE_IDENTIFIER = "com.rocketcom.Astro-Launches.watchkitapp";
				PRODUCT_NAME = "$(TARGET_NAME)";
				SDKROOT = watchos;
				SKIP_INSTALL = YES;
				SWIFT_VERSION = 5.0;
				TARGETED_DEVICE_FAMILY = 4;
				VALIDATE_PRODUCT = YES;
				WATCHOS_DEPLOYMENT_TARGET = 8.0;
			};
			name = Release;
		};
		7CF87F9525AE49B700BD9D06 /* Debug */ = {
			isa = XCBuildConfiguration;
			buildSettings = {
				ASSETCATALOG_COMPILER_APPICON_NAME = "App Icon & Top Shelf Image";
				ASSETCATALOG_COMPILER_GLOBAL_ACCENT_COLOR_NAME = AccentColor;
				CODE_SIGN_STYLE = Automatic;
				DEVELOPMENT_ASSET_PATHS = "Astro\\ Launches\\ TV/Preview\\ Content Shared/Preview\\ Content";
				DEVELOPMENT_TEAM = H4S8Z5V45T;
				ENABLE_PREVIEWS = YES;
				INFOPLIST_FILE = "Astro Launches TV/Info.plist";
				LD_RUNPATH_SEARCH_PATHS = (
					"$(inherited)",
					"@executable_path/Frameworks",
				);
				MARKETING_VERSION = 1.2;
				PRODUCT_BUNDLE_IDENTIFIER = "com.rocketcom.Astro-Launches";
				PRODUCT_NAME = "$(TARGET_NAME)";
				SDKROOT = appletvos;
				SWIFT_VERSION = 5.0;
				TARGETED_DEVICE_FAMILY = 3;
				TVOS_DEPLOYMENT_TARGET = 15.0;
			};
			name = Debug;
		};
		7CF87F9625AE49B700BD9D06 /* Release */ = {
			isa = XCBuildConfiguration;
			buildSettings = {
				ASSETCATALOG_COMPILER_APPICON_NAME = "App Icon & Top Shelf Image";
				ASSETCATALOG_COMPILER_GLOBAL_ACCENT_COLOR_NAME = AccentColor;
				CODE_SIGN_STYLE = Automatic;
				DEVELOPMENT_ASSET_PATHS = "Astro\\ Launches\\ TV/Preview\\ Content Shared/Preview\\ Content";
				DEVELOPMENT_TEAM = H4S8Z5V45T;
				ENABLE_PREVIEWS = YES;
				INFOPLIST_FILE = "Astro Launches TV/Info.plist";
				LD_RUNPATH_SEARCH_PATHS = (
					"$(inherited)",
					"@executable_path/Frameworks",
				);
				MARKETING_VERSION = 1.2;
				PRODUCT_BUNDLE_IDENTIFIER = "com.rocketcom.Astro-Launches";
				PRODUCT_NAME = "$(TARGET_NAME)";
				SDKROOT = appletvos;
				SWIFT_VERSION = 5.0;
				TARGETED_DEVICE_FAMILY = 3;
				TVOS_DEPLOYMENT_TARGET = 15.0;
				VALIDATE_PRODUCT = YES;
			};
			name = Release;
		};
/* End XCBuildConfiguration section */

/* Begin XCConfigurationList section */
		7CF87F1425AE45F200BD9D06 /* Build configuration list for PBXProject "Astro Launches" */ = {
			isa = XCConfigurationList;
			buildConfigurations = (
				7CF87F3625AE45F300BD9D06 /* Debug */,
				7CF87F3725AE45F300BD9D06 /* Release */,
			);
			defaultConfigurationIsVisible = 0;
			defaultConfigurationName = Release;
		};
		7CF87F3825AE45F300BD9D06 /* Build configuration list for PBXNativeTarget "Astro Launches (iOS)" */ = {
			isa = XCConfigurationList;
			buildConfigurations = (
				7CF87F3925AE45F300BD9D06 /* Debug */,
				7CF87F3A25AE45F300BD9D06 /* Release */,
			);
			defaultConfigurationIsVisible = 0;
			defaultConfigurationName = Release;
		};
		7CF87F3B25AE45F300BD9D06 /* Build configuration list for PBXNativeTarget "Astro Launches (macOS)" */ = {
			isa = XCConfigurationList;
			buildConfigurations = (
				7CF87F3C25AE45F300BD9D06 /* Debug */,
				7CF87F3D25AE45F300BD9D06 /* Release */,
			);
			defaultConfigurationIsVisible = 0;
			defaultConfigurationName = Release;
		};
		7CF87F6F25AE498C00BD9D06 /* Build configuration list for PBXNativeTarget "Astro Launches WatchKit Extension" */ = {
			isa = XCConfigurationList;
			buildConfigurations = (
				7CF87F7025AE498C00BD9D06 /* Debug */,
				7CF87F7125AE498C00BD9D06 /* Release */,
			);
			defaultConfigurationIsVisible = 0;
			defaultConfigurationName = Release;
		};
		7CF87F7325AE498C00BD9D06 /* Build configuration list for PBXNativeTarget "Astro Launches WatchKit App" */ = {
			isa = XCConfigurationList;
			buildConfigurations = (
				7CF87F7425AE498C00BD9D06 /* Debug */,
				7CF87F7525AE498C00BD9D06 /* Release */,
			);
			defaultConfigurationIsVisible = 0;
			defaultConfigurationName = Release;
		};
		7CF87F9425AE49B700BD9D06 /* Build configuration list for PBXNativeTarget "Astro Launches TV" */ = {
			isa = XCConfigurationList;
			buildConfigurations = (
				7CF87F9525AE49B700BD9D06 /* Debug */,
				7CF87F9625AE49B700BD9D06 /* Release */,
			);
			defaultConfigurationIsVisible = 0;
			defaultConfigurationName = Release;
		};
/* End XCConfigurationList section */

/* Begin XCRemoteSwiftPackageReference section */
		7C268ACE270E4C3E005932AB /* XCRemoteSwiftPackageReference "SDWebImageSwiftUI" */ = {
			isa = XCRemoteSwiftPackageReference;
			repositoryURL = "https://github.com/SDWebImage/SDWebImageSwiftUI.git";
			requirement = {
				kind = upToNextMajorVersion;
				minimumVersion = 2.0.0;
			};
		};
		7C8314FF25AE52B700E18441 /* XCRemoteSwiftPackageReference "AstroSwiftFoundation" */ = {
			isa = XCRemoteSwiftPackageReference;
			repositoryURL = "https://github.com/RocketCommunicationsInc/AstroSwiftFoundation.git";
			requirement = {
				kind = upToNextMajorVersion;
				minimumVersion = 1.0.8;
			};
		};
/* End XCRemoteSwiftPackageReference section */

/* Begin XCSwiftPackageProductDependency section */
		7C268ACF270E4C3E005932AB /* SDWebImageSwiftUI */ = {
			isa = XCSwiftPackageProductDependency;
			package = 7C268ACE270E4C3E005932AB /* XCRemoteSwiftPackageReference "SDWebImageSwiftUI" */;
			productName = SDWebImageSwiftUI;
		};
		7C268AD1270E4E09005932AB /* SDWebImageSwiftUI */ = {
			isa = XCSwiftPackageProductDependency;
			package = 7C268ACE270E4C3E005932AB /* XCRemoteSwiftPackageReference "SDWebImageSwiftUI" */;
			productName = SDWebImageSwiftUI;
		};
		7C37E65A2603CDC300F259F8 /* AstroSwiftFoundation */ = {
			isa = XCSwiftPackageProductDependency;
			package = 7C8314FF25AE52B700E18441 /* XCRemoteSwiftPackageReference "AstroSwiftFoundation" */;
			productName = AstroSwiftFoundation;
		};
		7C5A1B17261BB5E700E452DE /* AstroSwiftFoundation */ = {
			isa = XCSwiftPackageProductDependency;
			package = 7C8314FF25AE52B700E18441 /* XCRemoteSwiftPackageReference "AstroSwiftFoundation" */;
			productName = AstroSwiftFoundation;
		};
		7C83150025AE52B700E18441 /* AstroSwiftFoundation */ = {
			isa = XCSwiftPackageProductDependency;
			package = 7C8314FF25AE52B700E18441 /* XCRemoteSwiftPackageReference "AstroSwiftFoundation" */;
			productName = AstroSwiftFoundation;
		};
/* End XCSwiftPackageProductDependency section */
	};
	rootObject = 7CF87F1125AE45F200BD9D06 /* Project object */;
}
