// !$*UTF8*$!
{
	archiveVersion = 1;
	classes = {
	};
	objectVersion = 56;
	objects = {

/* Begin PBXBuildFile section */
		7C09A5B528E7A8110035CBD4 /* ContentView.swift in Sources */ = {isa = PBXBuildFile; fileRef = 7CF87F1925AE45F300BD9D06 /* ContentView.swift */; };
		7C184B0E28D52CD300DCCEFF /* Astro_LaunchesApp.swift in Sources */ = {isa = PBXBuildFile; fileRef = 7C184B0D28D52CD300DCCEFF /* Astro_LaunchesApp.swift */; };
		7C184B1028D52CD300DCCEFF /* ContentView.swift in Sources */ = {isa = PBXBuildFile; fileRef = 7C184B0F28D52CD300DCCEFF /* ContentView.swift */; };
		7C184B1228D52CD400DCCEFF /* Assets.xcassets in Resources */ = {isa = PBXBuildFile; fileRef = 7C184B1128D52CD400DCCEFF /* Assets.xcassets */; };
		7C184B1528D52CD400DCCEFF /* Preview Assets.xcassets in Resources */ = {isa = PBXBuildFile; fileRef = 7C184B1428D52CD400DCCEFF /* Preview Assets.xcassets */; };
		7C31CEB727F7B74600EA2DCC /* MissionStatusDate.swift in Sources */ = {isa = PBXBuildFile; fileRef = 7C31CEB627F7B6C000EA2DCC /* MissionStatusDate.swift */; };
		7C31CEB927F7BC3D00EA2DCC /* LaunchImage.swift in Sources */ = {isa = PBXBuildFile; fileRef = 7C31CEB827F7BC3D00EA2DCC /* LaunchImage.swift */; };
		7C3CB5D6270F4F98000448C6 /* LaunchTime.swift in Sources */ = {isa = PBXBuildFile; fileRef = 7C3CB5D5270F4F98000448C6 /* LaunchTime.swift */; };
		7C3CB5D8270F4F98000448C6 /* LaunchTime.swift in Sources */ = {isa = PBXBuildFile; fileRef = 7C3CB5D5270F4F98000448C6 /* LaunchTime.swift */; };
		7C3CB5DA270F4FA4000448C6 /* LaunchDate.swift in Sources */ = {isa = PBXBuildFile; fileRef = 7C3CB5D9270F4FA4000448C6 /* LaunchDate.swift */; };
		7C3CB5DC270F4FA4000448C6 /* LaunchDate.swift in Sources */ = {isa = PBXBuildFile; fileRef = 7C3CB5D9270F4FA4000448C6 /* LaunchDate.swift */; };
		7C3CB5DE270F4FD1000448C6 /* Countdown.swift in Sources */ = {isa = PBXBuildFile; fileRef = 7C3CB5DD270F4FD1000448C6 /* Countdown.swift */; };
		7C3D4CCE2603EFDA00CB0C41 /* LaunchCard.swift in Sources */ = {isa = PBXBuildFile; fileRef = 7C3D4CCD2603EFDA00CB0C41 /* LaunchCard.swift */; };
		7C44C05C2608FEDB00B8D86A /* launches.json in Resources */ = {isa = PBXBuildFile; fileRef = 7C44C05B2608FEDB00B8D86A /* launches.json */; };
		7C44C05F2608FEDB00B8D86A /* launches.json in Resources */ = {isa = PBXBuildFile; fileRef = 7C44C05B2608FEDB00B8D86A /* launches.json */; };
		7C47D6182710B53100F5997E /* Countdown.swift in Sources */ = {isa = PBXBuildFile; fileRef = 7C3CB5DD270F4FD1000448C6 /* Countdown.swift */; };
		7C4DB82229035144007088A5 /* SettingsView.swift in Sources */ = {isa = PBXBuildFile; fileRef = 7C4DB82129035144007088A5 /* SettingsView.swift */; };
		7C54438026178C65007CCCC4 /* DateFormatters.swift in Sources */ = {isa = PBXBuildFile; fileRef = 7C54437F26178C65007CCCC4 /* DateFormatters.swift */; };
		7C5A1AFB261BB51A00E452DE /* NetworkManager.swift in Sources */ = {isa = PBXBuildFile; fileRef = 7CD3C90426028B020071FB78 /* NetworkManager.swift */; };
		7C5A1B02261BB52300E452DE /* Launch.swift in Sources */ = {isa = PBXBuildFile; fileRef = 7C6954092612876E008A811E /* Launch.swift */; };
		7C5A1B09261BB52B00E452DE /* DateFormatters.swift in Sources */ = {isa = PBXBuildFile; fileRef = 7C54437F26178C65007CCCC4 /* DateFormatters.swift */; };
		7C5A1B10261BB54500E452DE /* AppSettings.swift in Sources */ = {isa = PBXBuildFile; fileRef = 7C834937260931D1008B4895 /* AppSettings.swift */; };
		7C5A1B18261BB5E700E452DE /* AstroSwiftFoundation in Frameworks */ = {isa = PBXBuildFile; productRef = 7C5A1B17261BB5E700E452DE /* AstroSwiftFoundation */; };
		7C69540A2612876E008A811E /* Launch.swift in Sources */ = {isa = PBXBuildFile; fileRef = 7C6954092612876E008A811E /* Launch.swift */; };
		7C6A025E26278C6900273563 /* Preview Assets.xcassets in Resources */ = {isa = PBXBuildFile; fileRef = 7C6A025D26278C6900273563 /* Preview Assets.xcassets */; };
		7C6A026126278C6900273563 /* Preview Assets.xcassets in Resources */ = {isa = PBXBuildFile; fileRef = 7C6A025D26278C6900273563 /* Preview Assets.xcassets */; };
		7C6AAD3E290074D20046F9FF /* LaunchImage.swift in Sources */ = {isa = PBXBuildFile; fileRef = 7C31CEB827F7BC3D00EA2DCC /* LaunchImage.swift */; };
		7C71FEA228F0DC5600F75C77 /* LaunchDetail.swift in Sources */ = {isa = PBXBuildFile; fileRef = 7C7243C826E8188400233B33 /* LaunchDetail.swift */; };
		7C71FEA328F0DC9F00F75C77 /* MissionStatusDate.swift in Sources */ = {isa = PBXBuildFile; fileRef = 7C31CEB627F7B6C000EA2DCC /* MissionStatusDate.swift */; };
		7C71FEA428F0DDD400F75C77 /* LaunchCard.swift in Sources */ = {isa = PBXBuildFile; fileRef = 7C3D4CCD2603EFDA00CB0C41 /* LaunchCard.swift */; };
		7C7243C926E8188400233B33 /* LaunchDetail.swift in Sources */ = {isa = PBXBuildFile; fileRef = 7C7243C826E8188400233B33 /* LaunchDetail.swift */; };
		7C79988326FB7EC700FCAEF2 /* Colors.swift in Sources */ = {isa = PBXBuildFile; fileRef = 7C79988226FB7EC700FCAEF2 /* Colors.swift */; };
		7C83150125AE52B700E18441 /* AstroSwiftFoundation in Frameworks */ = {isa = PBXBuildFile; productRef = 7C83150025AE52B700E18441 /* AstroSwiftFoundation */; };
		7C834938260931D1008B4895 /* AppSettings.swift in Sources */ = {isa = PBXBuildFile; fileRef = 7C834937260931D1008B4895 /* AppSettings.swift */; };
		7C8976C227556A8F000815F7 /* CentralTimer.swift in Sources */ = {isa = PBXBuildFile; fileRef = 7C8976C127556A8F000815F7 /* CentralTimer.swift */; };
		7C8976C427556A8F000815F7 /* CentralTimer.swift in Sources */ = {isa = PBXBuildFile; fileRef = 7C8976C127556A8F000815F7 /* CentralTimer.swift */; };
		7C8BFBF1270374BD00D6AB09 /* Assets.xcassets in Resources */ = {isa = PBXBuildFile; fileRef = 7CF87F1B25AE45F300BD9D06 /* Assets.xcassets */; };
		7C8BFBF22703808C00D6AB09 /* Colors.swift in Sources */ = {isa = PBXBuildFile; fileRef = 7C79988226FB7EC700FCAEF2 /* Colors.swift */; };
		7C92392028E394CD00364E5A /* AstroLaunchesApp.swift in Sources */ = {isa = PBXBuildFile; fileRef = 7CF87F1825AE45F300BD9D06 /* AstroLaunchesApp.swift */; };
		7C92392128E394D700364E5A /* AppSettings.swift in Sources */ = {isa = PBXBuildFile; fileRef = 7C834937260931D1008B4895 /* AppSettings.swift */; };
		7C9BDD88271642EC00A97374 /* PadMap.swift in Sources */ = {isa = PBXBuildFile; fileRef = 7C9BDD87271642EC00A97374 /* PadMap.swift */; };
		7C9BDD8A271642EC00A97374 /* PadMap.swift in Sources */ = {isa = PBXBuildFile; fileRef = 7C9BDD87271642EC00A97374 /* PadMap.swift */; };
		7C9FCDDC2882057F0032EA88 /* CachedAsyncImage in Frameworks */ = {isa = PBXBuildFile; productRef = 7C9FCDDB2882057F0032EA88 /* CachedAsyncImage */; };
		7C9FCDE0288209040032EA88 /* CachedAsyncImage in Frameworks */ = {isa = PBXBuildFile; productRef = 7C9FCDDF288209040032EA88 /* CachedAsyncImage */; };
		7CA49FAA270BB08F00181220 /* ConferenceRoomView.swift in Sources */ = {isa = PBXBuildFile; fileRef = 7CA49FA9270BB08F00181220 /* ConferenceRoomView.swift */; };
		7CB57D5E290354160044577E /* AstroLaunchesApp.swift in Sources */ = {isa = PBXBuildFile; fileRef = 7CF87F1825AE45F300BD9D06 /* AstroLaunchesApp.swift */; };
		7CD3C90526028B020071FB78 /* NetworkManager.swift in Sources */ = {isa = PBXBuildFile; fileRef = 7CD3C90426028B020071FB78 /* NetworkManager.swift */; };
		7CE6154B28D91F550082459A /* NetworkManager.swift in Sources */ = {isa = PBXBuildFile; fileRef = 7CD3C90426028B020071FB78 /* NetworkManager.swift */; };
		7CE6154C28D91F550082459A /* DateFormatters.swift in Sources */ = {isa = PBXBuildFile; fileRef = 7C54437F26178C65007CCCC4 /* DateFormatters.swift */; };
		7CE6154E28D91F550082459A /* LaunchTime.swift in Sources */ = {isa = PBXBuildFile; fileRef = 7C3CB5D5270F4F98000448C6 /* LaunchTime.swift */; };
		7CE6155328D91F550082459A /* Countdown.swift in Sources */ = {isa = PBXBuildFile; fileRef = 7C3CB5DD270F4FD1000448C6 /* Countdown.swift */; };
		7CE6155428D91F550082459A /* CentralTimer.swift in Sources */ = {isa = PBXBuildFile; fileRef = 7C8976C127556A8F000815F7 /* CentralTimer.swift */; };
		7CE6155528D91F550082459A /* Colors.swift in Sources */ = {isa = PBXBuildFile; fileRef = 7C79988226FB7EC700FCAEF2 /* Colors.swift */; };
		7CE6155628D91F550082459A /* PadMap.swift in Sources */ = {isa = PBXBuildFile; fileRef = 7C9BDD87271642EC00A97374 /* PadMap.swift */; };
		7CE6155828D91F550082459A /* LaunchDate.swift in Sources */ = {isa = PBXBuildFile; fileRef = 7C3CB5D9270F4FA4000448C6 /* LaunchDate.swift */; };
		7CE6155A28D91F550082459A /* Launch.swift in Sources */ = {isa = PBXBuildFile; fileRef = 7C6954092612876E008A811E /* Launch.swift */; };
		7CE6155D28D91F550082459A /* CachedAsyncImage in Frameworks */ = {isa = PBXBuildFile; productRef = 7CE6154728D91F550082459A /* CachedAsyncImage */; };
		7CE6155E28D91F550082459A /* AstroSwiftFoundation in Frameworks */ = {isa = PBXBuildFile; productRef = 7CE6154528D91F550082459A /* AstroSwiftFoundation */; };
		7CE6156028D91F550082459A /* launches.json in Resources */ = {isa = PBXBuildFile; fileRef = 7C44C05B2608FEDB00B8D86A /* launches.json */; };
		7CE6156128D91F550082459A /* Preview Assets.xcassets in Resources */ = {isa = PBXBuildFile; fileRef = 7C6A025D26278C6900273563 /* Preview Assets.xcassets */; };
		7CE6156228D91F550082459A /* Assets.xcassets in Resources */ = {isa = PBXBuildFile; fileRef = 7CF87F1B25AE45F300BD9D06 /* Assets.xcassets */; };
		7CF260E127E3C1990030A98F /* GiantLaunchCountdown.swift in Sources */ = {isa = PBXBuildFile; fileRef = 7CF260E027E3C1990030A98F /* GiantLaunchCountdown.swift */; };
		7CF43B5E27E256E400A7DD4F /* ContentView.swift in Sources */ = {isa = PBXBuildFile; fileRef = 7CF43B5D27E256E400A7DD4F /* ContentView.swift */; };
		7CF7967029036AC100FC2460 /* AstroSwiftUtilities in Frameworks */ = {isa = PBXBuildFile; productRef = 7CF7966F29036AC100FC2460 /* AstroSwiftUtilities */; };
		7CF7967229036B1C00FC2460 /* AstroSwiftUtilities in Frameworks */ = {isa = PBXBuildFile; productRef = 7CF7967129036B1C00FC2460 /* AstroSwiftUtilities */; };
		7CF7967429036B2000FC2460 /* AstroSwiftUtilities in Frameworks */ = {isa = PBXBuildFile; productRef = 7CF7967329036B2000FC2460 /* AstroSwiftUtilities */; };
		7CF7967629036B2300FC2460 /* AstroSwiftUtilities in Frameworks */ = {isa = PBXBuildFile; productRef = 7CF7967529036B2300FC2460 /* AstroSwiftUtilities */; };
		7CF87F3025AE45F300BD9D06 /* ContentView.swift in Sources */ = {isa = PBXBuildFile; fileRef = 7CF87F1925AE45F300BD9D06 /* ContentView.swift */; };
		7CF87F3425AE45F300BD9D06 /* Assets.xcassets in Resources */ = {isa = PBXBuildFile; fileRef = 7CF87F1B25AE45F300BD9D06 /* Assets.xcassets */; };
		7CF87F8625AE49B600BD9D06 /* Astro_Launches_TVApp.swift in Sources */ = {isa = PBXBuildFile; fileRef = 7CF87F8525AE49B600BD9D06 /* Astro_Launches_TVApp.swift */; };
		7CF87F8825AE49B600BD9D06 /* OpsFloorView.swift in Sources */ = {isa = PBXBuildFile; fileRef = 7CF87F8725AE49B600BD9D06 /* OpsFloorView.swift */; };
		7CF87F8A25AE49B700BD9D06 /* Assets.xcassets in Resources */ = {isa = PBXBuildFile; fileRef = 7CF87F8925AE49B700BD9D06 /* Assets.xcassets */; };
		7CF87F8D25AE49B700BD9D06 /* Preview Assets.xcassets in Resources */ = {isa = PBXBuildFile; fileRef = 7CF87F8C25AE49B700BD9D06 /* Preview Assets.xcassets */; };
/* End PBXBuildFile section */

/* Begin PBXFileReference section */
		7C184B0B28D52CD300DCCEFF /* Astro Launches (watchOS).app */ = {isa = PBXFileReference; explicitFileType = wrapper.application; includeInIndex = 0; path = "Astro Launches (watchOS).app"; sourceTree = BUILT_PRODUCTS_DIR; };
		7C184B0D28D52CD300DCCEFF /* Astro_LaunchesApp.swift */ = {isa = PBXFileReference; lastKnownFileType = sourcecode.swift; path = Astro_LaunchesApp.swift; sourceTree = "<group>"; };
		7C184B0F28D52CD300DCCEFF /* ContentView.swift */ = {isa = PBXFileReference; lastKnownFileType = sourcecode.swift; path = ContentView.swift; sourceTree = "<group>"; };
		7C184B1128D52CD400DCCEFF /* Assets.xcassets */ = {isa = PBXFileReference; lastKnownFileType = folder.assetcatalog; path = Assets.xcassets; sourceTree = "<group>"; };
		7C184B1428D52CD400DCCEFF /* Preview Assets.xcassets */ = {isa = PBXFileReference; lastKnownFileType = folder.assetcatalog; path = "Preview Assets.xcassets"; sourceTree = "<group>"; };
		7C31CEB627F7B6C000EA2DCC /* MissionStatusDate.swift */ = {isa = PBXFileReference; lastKnownFileType = sourcecode.swift; path = MissionStatusDate.swift; sourceTree = "<group>"; };
		7C31CEB827F7BC3D00EA2DCC /* LaunchImage.swift */ = {isa = PBXFileReference; lastKnownFileType = sourcecode.swift; path = LaunchImage.swift; sourceTree = "<group>"; };
		7C3CB5D5270F4F98000448C6 /* LaunchTime.swift */ = {isa = PBXFileReference; lastKnownFileType = sourcecode.swift; path = LaunchTime.swift; sourceTree = "<group>"; };
		7C3CB5D9270F4FA4000448C6 /* LaunchDate.swift */ = {isa = PBXFileReference; lastKnownFileType = sourcecode.swift; path = LaunchDate.swift; sourceTree = "<group>"; };
		7C3CB5DD270F4FD1000448C6 /* Countdown.swift */ = {isa = PBXFileReference; lastKnownFileType = sourcecode.swift; path = Countdown.swift; sourceTree = "<group>"; };
		7C3D4CCD2603EFDA00CB0C41 /* LaunchCard.swift */ = {isa = PBXFileReference; lastKnownFileType = sourcecode.swift; path = LaunchCard.swift; sourceTree = "<group>"; };
		7C44C05B2608FEDB00B8D86A /* launches.json */ = {isa = PBXFileReference; fileEncoding = 4; lastKnownFileType = text.json; path = launches.json; sourceTree = "<group>"; };
		7C4DB82129035144007088A5 /* SettingsView.swift */ = {isa = PBXFileReference; fileEncoding = 4; lastKnownFileType = sourcecode.swift; path = SettingsView.swift; sourceTree = "<group>"; };
		7C54437F26178C65007CCCC4 /* DateFormatters.swift */ = {isa = PBXFileReference; lastKnownFileType = sourcecode.swift; path = DateFormatters.swift; sourceTree = "<group>"; };
		7C6954092612876E008A811E /* Launch.swift */ = {isa = PBXFileReference; lastKnownFileType = sourcecode.swift; path = Launch.swift; sourceTree = "<group>"; };
		7C6A025D26278C6900273563 /* Preview Assets.xcassets */ = {isa = PBXFileReference; lastKnownFileType = folder.assetcatalog; path = "Preview Assets.xcassets"; sourceTree = "<group>"; };
		7C7243C826E8188400233B33 /* LaunchDetail.swift */ = {isa = PBXFileReference; lastKnownFileType = sourcecode.swift; path = LaunchDetail.swift; sourceTree = "<group>"; };
		7C79988226FB7EC700FCAEF2 /* Colors.swift */ = {isa = PBXFileReference; lastKnownFileType = sourcecode.swift; path = Colors.swift; sourceTree = "<group>"; };
		7C834937260931D1008B4895 /* AppSettings.swift */ = {isa = PBXFileReference; lastKnownFileType = sourcecode.swift; path = AppSettings.swift; sourceTree = "<group>"; };
		7C8976C127556A8F000815F7 /* CentralTimer.swift */ = {isa = PBXFileReference; lastKnownFileType = sourcecode.swift; path = CentralTimer.swift; sourceTree = "<group>"; };
		7C9BDD87271642EC00A97374 /* PadMap.swift */ = {isa = PBXFileReference; lastKnownFileType = sourcecode.swift; path = PadMap.swift; sourceTree = "<group>"; };
		7CA49FA9270BB08F00181220 /* ConferenceRoomView.swift */ = {isa = PBXFileReference; lastKnownFileType = sourcecode.swift; path = ConferenceRoomView.swift; sourceTree = "<group>"; };
		7CB0A2C72788F99200A542D5 /* SettingsView.swift */ = {isa = PBXFileReference; lastKnownFileType = sourcecode.swift; path = SettingsView.swift; sourceTree = "<group>"; };
		7CD3C90426028B020071FB78 /* NetworkManager.swift */ = {isa = PBXFileReference; lastKnownFileType = sourcecode.swift; path = NetworkManager.swift; sourceTree = "<group>"; };
		7CE6156628D91F550082459A /* Launches.app */ = {isa = PBXFileReference; explicitFileType = wrapper.application; includeInIndex = 0; path = Launches.app; sourceTree = BUILT_PRODUCTS_DIR; };
		7CE6156728D91F550082459A /* Astro Launches iOS macOS copy-Info.plist */ = {isa = PBXFileReference; lastKnownFileType = text.plist.xml; name = "Astro Launches iOS macOS copy-Info.plist"; path = "/Users/rocketjeff/Projects/AstroLaunches/Astro Launches iOS macOS copy-Info.plist"; sourceTree = "<absolute>"; };
		7CE6156E28D920CA0082459A /* Info.plist */ = {isa = PBXFileReference; fileEncoding = 4; lastKnownFileType = text.plist.xml; path = Info.plist; sourceTree = "<group>"; };
		7CF260E027E3C1990030A98F /* GiantLaunchCountdown.swift */ = {isa = PBXFileReference; lastKnownFileType = sourcecode.swift; path = GiantLaunchCountdown.swift; sourceTree = "<group>"; };
		7CF43B5D27E256E400A7DD4F /* ContentView.swift */ = {isa = PBXFileReference; lastKnownFileType = sourcecode.swift; path = ContentView.swift; sourceTree = "<group>"; };
		7CF87F1825AE45F300BD9D06 /* AstroLaunchesApp.swift */ = {isa = PBXFileReference; lastKnownFileType = sourcecode.swift; path = AstroLaunchesApp.swift; sourceTree = "<group>"; };
		7CF87F1925AE45F300BD9D06 /* ContentView.swift */ = {isa = PBXFileReference; lastKnownFileType = sourcecode.swift; path = ContentView.swift; sourceTree = "<group>"; };
		7CF87F1B25AE45F300BD9D06 /* Assets.xcassets */ = {isa = PBXFileReference; lastKnownFileType = folder.assetcatalog; path = Assets.xcassets; sourceTree = "<group>"; };
		7CF87F2025AE45F300BD9D06 /* Astro Launches.app */ = {isa = PBXFileReference; explicitFileType = wrapper.application; includeInIndex = 0; path = "Astro Launches.app"; sourceTree = BUILT_PRODUCTS_DIR; };
		7CF87F2325AE45F300BD9D06 /* Info.plist */ = {isa = PBXFileReference; lastKnownFileType = text.plist.xml; path = Info.plist; sourceTree = "<group>"; };
		7CF87F8325AE49B600BD9D06 /* Astro Launches (tvOS).app */ = {isa = PBXFileReference; explicitFileType = wrapper.application; includeInIndex = 0; path = "Astro Launches (tvOS).app"; sourceTree = BUILT_PRODUCTS_DIR; };
		7CF87F8525AE49B600BD9D06 /* Astro_Launches_TVApp.swift */ = {isa = PBXFileReference; lastKnownFileType = sourcecode.swift; path = Astro_Launches_TVApp.swift; sourceTree = "<group>"; };
		7CF87F8725AE49B600BD9D06 /* OpsFloorView.swift */ = {isa = PBXFileReference; lastKnownFileType = sourcecode.swift; path = OpsFloorView.swift; sourceTree = "<group>"; };
		7CF87F8925AE49B700BD9D06 /* Assets.xcassets */ = {isa = PBXFileReference; lastKnownFileType = folder.assetcatalog; path = Assets.xcassets; sourceTree = "<group>"; };
		7CF87F8C25AE49B700BD9D06 /* Preview Assets.xcassets */ = {isa = PBXFileReference; lastKnownFileType = folder.assetcatalog; path = "Preview Assets.xcassets"; sourceTree = "<group>"; };
		7CF87F9325AE49B700BD9D06 /* Info.plist */ = {isa = PBXFileReference; lastKnownFileType = text.plist.xml; path = Info.plist; sourceTree = "<group>"; };
/* End PBXFileReference section */

/* Begin PBXFrameworksBuildPhase section */
		7C184B0828D52CD300DCCEFF /* Frameworks */ = {
			isa = PBXFrameworksBuildPhase;
			buildActionMask = 2147483647;
			files = (
				7CF7967629036B2300FC2460 /* AstroSwiftUtilities in Frameworks */,
			);
			runOnlyForDeploymentPostprocessing = 0;
		};
		7CE6155C28D91F550082459A /* Frameworks */ = {
			isa = PBXFrameworksBuildPhase;
			buildActionMask = 2147483647;
			files = (
				7CE6155D28D91F550082459A /* CachedAsyncImage in Frameworks */,
				7CE6155E28D91F550082459A /* AstroSwiftFoundation in Frameworks */,
				7CF7967229036B1C00FC2460 /* AstroSwiftUtilities in Frameworks */,
			);
			runOnlyForDeploymentPostprocessing = 0;
		};
		7CF87F1D25AE45F300BD9D06 /* Frameworks */ = {
			isa = PBXFrameworksBuildPhase;
			buildActionMask = 2147483647;
			files = (
				7C9FCDDC2882057F0032EA88 /* CachedAsyncImage in Frameworks */,
				7C83150125AE52B700E18441 /* AstroSwiftFoundation in Frameworks */,
				7CF7967029036AC100FC2460 /* AstroSwiftUtilities in Frameworks */,
			);
			runOnlyForDeploymentPostprocessing = 0;
		};
		7CF87F8025AE49B600BD9D06 /* Frameworks */ = {
			isa = PBXFrameworksBuildPhase;
			buildActionMask = 2147483647;
			files = (
				7C5A1B18261BB5E700E452DE /* AstroSwiftFoundation in Frameworks */,
				7C9FCDE0288209040032EA88 /* CachedAsyncImage in Frameworks */,
				7CF7967429036B2000FC2460 /* AstroSwiftUtilities in Frameworks */,
			);
			runOnlyForDeploymentPostprocessing = 0;
		};
/* End PBXFrameworksBuildPhase section */

/* Begin PBXGroup section */
		7C09A5B228E7A4B90035CBD4 /* Data */ = {
			isa = PBXGroup;
			children = (
				7C44C05B2608FEDB00B8D86A /* launches.json */,
				7C54437F26178C65007CCCC4 /* DateFormatters.swift */,
				7CD3C90426028B020071FB78 /* NetworkManager.swift */,
				7C6954092612876E008A811E /* Launch.swift */,
			);
			path = Data;
			sourceTree = "<group>";
		};
		7C09A5B328E7A4E60035CBD4 /* Views */ = {
			isa = PBXGroup;
			children = (
				7C3D4CCD2603EFDA00CB0C41 /* LaunchCard.swift */,
				7C3CB5DD270F4FD1000448C6 /* Countdown.swift */,
				7C9BDD87271642EC00A97374 /* PadMap.swift */,
				7CF87F1925AE45F300BD9D06 /* ContentView.swift */,
				7C7243C826E8188400233B33 /* LaunchDetail.swift */,
				7C31CEB827F7BC3D00EA2DCC /* LaunchImage.swift */,
				7C39C9DA28FF587E00CE7689 /* MissionStatusDate */,
			);
			path = Views;
			sourceTree = "<group>";
		};
		7C184B0C28D52CD300DCCEFF /* watchOS */ = {
			isa = PBXGroup;
			children = (
				7C184B0D28D52CD300DCCEFF /* Astro_LaunchesApp.swift */,
				7C184B0F28D52CD300DCCEFF /* ContentView.swift */,
				7C184B1128D52CD400DCCEFF /* Assets.xcassets */,
				7C184B1328D52CD400DCCEFF /* Preview Content */,
			);
			path = watchOS;
			sourceTree = "<group>";
		};
		7C184B1328D52CD400DCCEFF /* Preview Content */ = {
			isa = PBXGroup;
			children = (
				7C184B1428D52CD400DCCEFF /* Preview Assets.xcassets */,
			);
			path = "Preview Content";
			sourceTree = "<group>";
		};
		7C37E6592603CDC300F259F8 /* Frameworks */ = {
			isa = PBXGroup;
			children = (
			);
			name = Frameworks;
			sourceTree = "<group>";
		};
		7C39C9DA28FF587E00CE7689 /* MissionStatusDate */ = {
			isa = PBXGroup;
			children = (
				7C31CEB627F7B6C000EA2DCC /* MissionStatusDate.swift */,
				7C3CB5D5270F4F98000448C6 /* LaunchTime.swift */,
				7C3CB5D9270F4FA4000448C6 /* LaunchDate.swift */,
			);
			path = MissionStatusDate;
			sourceTree = "<group>";
		};
		7C6A025626278C0C00273563 /* Preview Content */ = {
			isa = PBXGroup;
			children = (
				7C6A025D26278C6900273563 /* Preview Assets.xcassets */,
			);
			path = "Preview Content";
			sourceTree = "<group>";
		};
		7CE6156828D920870082459A /* macOS */ = {
			isa = PBXGroup;
			children = (
				7C4DB82129035144007088A5 /* SettingsView.swift */,
				7CE6156E28D920CA0082459A /* Info.plist */,
			);
			path = macOS;
			sourceTree = "<group>";
		};
		7CF87F1025AE45F200BD9D06 = {
			isa = PBXGroup;
			children = (
				7CF87F1525AE45F300BD9D06 /* Shared */,
				7CF87F2225AE45F300BD9D06 /* iOS */,
				7CE6156828D920870082459A /* macOS */,
				7CF87F8425AE49B600BD9D06 /* tvOS */,
				7C184B0C28D52CD300DCCEFF /* watchOS */,
				7CF87F2125AE45F300BD9D06 /* Products */,
				7C37E6592603CDC300F259F8 /* Frameworks */,
				7CE6156728D91F550082459A /* Astro Launches iOS macOS copy-Info.plist */,
			);
			sourceTree = "<group>";
		};
		7CF87F1525AE45F300BD9D06 /* Shared */ = {
			isa = PBXGroup;
			children = (
				7CF87F1825AE45F300BD9D06 /* AstroLaunchesApp.swift */,
				7C834937260931D1008B4895 /* AppSettings.swift */,
				7C79988226FB7EC700FCAEF2 /* Colors.swift */,
				7C8976C127556A8F000815F7 /* CentralTimer.swift */,
				7C09A5B228E7A4B90035CBD4 /* Data */,
				7C09A5B328E7A4E60035CBD4 /* Views */,
				7CF87F1B25AE45F300BD9D06 /* Assets.xcassets */,
				7C6A025626278C0C00273563 /* Preview Content */,
			);
			path = Shared;
			sourceTree = "<group>";
		};
		7CF87F2125AE45F300BD9D06 /* Products */ = {
			isa = PBXGroup;
			children = (
				7CF87F2025AE45F300BD9D06 /* Astro Launches.app */,
				7CF87F8325AE49B600BD9D06 /* Astro Launches (tvOS).app */,
				7C184B0B28D52CD300DCCEFF /* Astro Launches (watchOS).app */,
				7CE6156628D91F550082459A /* Launches.app */,
			);
			name = Products;
			sourceTree = "<group>";
		};
		7CF87F2225AE45F300BD9D06 /* iOS */ = {
			isa = PBXGroup;
			children = (
				7CB0A2C72788F99200A542D5 /* SettingsView.swift */,
				7CF87F2325AE45F300BD9D06 /* Info.plist */,
			);
			path = iOS;
			sourceTree = "<group>";
		};
		7CF87F8425AE49B600BD9D06 /* tvOS */ = {
			isa = PBXGroup;
			children = (
				7CF87F8525AE49B600BD9D06 /* Astro_Launches_TVApp.swift */,
				7CF43B5D27E256E400A7DD4F /* ContentView.swift */,
				7CF87F8725AE49B600BD9D06 /* OpsFloorView.swift */,
				7CA49FA9270BB08F00181220 /* ConferenceRoomView.swift */,
				7CF260E027E3C1990030A98F /* GiantLaunchCountdown.swift */,
				7CF87F8925AE49B700BD9D06 /* Assets.xcassets */,
				7CF87F9325AE49B700BD9D06 /* Info.plist */,
				7CF87F8B25AE49B700BD9D06 /* Preview Content */,
			);
			path = tvOS;
			sourceTree = "<group>";
		};
		7CF87F8B25AE49B700BD9D06 /* Preview Content */ = {
			isa = PBXGroup;
			children = (
				7CF87F8C25AE49B700BD9D06 /* Preview Assets.xcassets */,
			);
			path = "Preview Content";
			sourceTree = "<group>";
		};
/* End PBXGroup section */

/* Begin PBXNativeTarget section */
		7C184B0A28D52CD300DCCEFF /* Astro Launches (watchOS) */ = {
			isa = PBXNativeTarget;
			buildConfigurationList = 7C184B1628D52CD400DCCEFF /* Build configuration list for PBXNativeTarget "Astro Launches (watchOS)" */;
			buildPhases = (
				7C184B0728D52CD300DCCEFF /* Sources */,
				7C184B0828D52CD300DCCEFF /* Frameworks */,
				7C184B0928D52CD300DCCEFF /* Resources */,
			);
			buildRules = (
			);
			dependencies = (
			);
			name = "Astro Launches (watchOS)";
			packageProductDependencies = (
				7CF7967529036B2300FC2460 /* AstroSwiftUtilities */,
			);
			productName = "Astro Launches Watch App";
			productReference = 7C184B0B28D52CD300DCCEFF /* Astro Launches (watchOS).app */;
			productType = "com.apple.product-type.application";
		};
		7CE6154428D91F550082459A /* Astro Launches (macOS) */ = {
			isa = PBXNativeTarget;
			buildConfigurationList = 7CE6156328D91F550082459A /* Build configuration list for PBXNativeTarget "Astro Launches (macOS)" */;
			buildPhases = (
				7CE6154928D91F550082459A /* Sources */,
				7CE6155C28D91F550082459A /* Frameworks */,
				7CE6155F28D91F550082459A /* Resources */,
			);
			buildRules = (
			);
			dependencies = (
			);
			name = "Astro Launches (macOS)";
			packageProductDependencies = (
				7CE6154528D91F550082459A /* AstroSwiftFoundation */,
				7CE6154728D91F550082459A /* CachedAsyncImage */,
				7CF7967129036B1C00FC2460 /* AstroSwiftUtilities */,
			);
			productName = "Astro Launches (iOS)";
			productReference = 7CE6156628D91F550082459A /* Launches.app */;
			productType = "com.apple.product-type.application";
		};
		7CF87F1F25AE45F300BD9D06 /* Astro Launches (iOS) */ = {
			isa = PBXNativeTarget;
			buildConfigurationList = 7CF87F3825AE45F300BD9D06 /* Build configuration list for PBXNativeTarget "Astro Launches (iOS)" */;
			buildPhases = (
				7CF87F1C25AE45F300BD9D06 /* Sources */,
				7CF87F1D25AE45F300BD9D06 /* Frameworks */,
				7CF87F1E25AE45F300BD9D06 /* Resources */,
			);
			buildRules = (
			);
			dependencies = (
			);
			name = "Astro Launches (iOS)";
			packageProductDependencies = (
				7C83150025AE52B700E18441 /* AstroSwiftFoundation */,
				7C9FCDDB2882057F0032EA88 /* CachedAsyncImage */,
				7CF7966F29036AC100FC2460 /* AstroSwiftUtilities */,
			);
			productName = "Astro Launches (iOS)";
			productReference = 7CF87F2025AE45F300BD9D06 /* Astro Launches.app */;
			productType = "com.apple.product-type.application";
		};
		7CF87F8225AE49B600BD9D06 /* Astro Launches (tvOS) */ = {
			isa = PBXNativeTarget;
			buildConfigurationList = 7CF87F9425AE49B700BD9D06 /* Build configuration list for PBXNativeTarget "Astro Launches (tvOS)" */;
			buildPhases = (
				7CF87F7F25AE49B600BD9D06 /* Sources */,
				7CF87F8025AE49B600BD9D06 /* Frameworks */,
				7CF87F8125AE49B600BD9D06 /* Resources */,
			);
			buildRules = (
			);
			dependencies = (
			);
			name = "Astro Launches (tvOS)";
			packageProductDependencies = (
				7C5A1B17261BB5E700E452DE /* AstroSwiftFoundation */,
				7C9FCDDF288209040032EA88 /* CachedAsyncImage */,
				7CF7967329036B2000FC2460 /* AstroSwiftUtilities */,
			);
			productName = "Astro Launches TV";
			productReference = 7CF87F8325AE49B600BD9D06 /* Astro Launches (tvOS).app */;
			productType = "com.apple.product-type.application";
		};
/* End PBXNativeTarget section */

/* Begin PBXProject section */
		7CF87F1125AE45F200BD9D06 /* Project object */ = {
			isa = PBXProject;
			attributes = {
				LastSwiftUpdateCheck = 1410;
				LastUpgradeCheck = 1410;
				TargetAttributes = {
					7C184B0A28D52CD300DCCEFF = {
						CreatedOnToolsVersion = 14.1;
					};
					7CF87F1F25AE45F300BD9D06 = {
						CreatedOnToolsVersion = 12.3;
					};
					7CF87F8225AE49B600BD9D06 = {
						CreatedOnToolsVersion = 12.3;
					};
				};
			};
			buildConfigurationList = 7CF87F1425AE45F200BD9D06 /* Build configuration list for PBXProject "Astro Launches" */;
			compatibilityVersion = "Xcode 14.0";
			developmentRegion = en;
			hasScannedForEncodings = 0;
			knownRegions = (
				en,
				Base,
			);
			mainGroup = 7CF87F1025AE45F200BD9D06;
			packageReferences = (
				7C8314FF25AE52B700E18441 /* XCRemoteSwiftPackageReference "AstroSwiftFoundation" */,
				7C9FCDDA2882057F0032EA88 /* XCRemoteSwiftPackageReference "swiftui-cached-async-image" */,
				7CF7966E29036AC100FC2460 /* XCRemoteSwiftPackageReference "AstroSwiftUtilities" */,
			);
			productRefGroup = 7CF87F2125AE45F300BD9D06 /* Products */;
			projectDirPath = "";
			projectRoot = "";
			targets = (
				7CF87F1F25AE45F300BD9D06 /* Astro Launches (iOS) */,
				7CE6154428D91F550082459A /* Astro Launches (macOS) */,
				7CF87F8225AE49B600BD9D06 /* Astro Launches (tvOS) */,
				7C184B0A28D52CD300DCCEFF /* Astro Launches (watchOS) */,
			);
		};
/* End PBXProject section */

/* Begin PBXResourcesBuildPhase section */
		7C184B0928D52CD300DCCEFF /* Resources */ = {
			isa = PBXResourcesBuildPhase;
			buildActionMask = 2147483647;
			files = (
				7C184B1528D52CD400DCCEFF /* Preview Assets.xcassets in Resources */,
				7C184B1228D52CD400DCCEFF /* Assets.xcassets in Resources */,
			);
			runOnlyForDeploymentPostprocessing = 0;
		};
		7CE6155F28D91F550082459A /* Resources */ = {
			isa = PBXResourcesBuildPhase;
			buildActionMask = 2147483647;
			files = (
				7CE6156028D91F550082459A /* launches.json in Resources */,
				7CE6156128D91F550082459A /* Preview Assets.xcassets in Resources */,
				7CE6156228D91F550082459A /* Assets.xcassets in Resources */,
			);
			runOnlyForDeploymentPostprocessing = 0;
		};
		7CF87F1E25AE45F300BD9D06 /* Resources */ = {
			isa = PBXResourcesBuildPhase;
			buildActionMask = 2147483647;
			files = (
				7C44C05C2608FEDB00B8D86A /* launches.json in Resources */,
				7C6A025E26278C6900273563 /* Preview Assets.xcassets in Resources */,
				7CF87F3425AE45F300BD9D06 /* Assets.xcassets in Resources */,
			);
			runOnlyForDeploymentPostprocessing = 0;
		};
		7CF87F8125AE49B600BD9D06 /* Resources */ = {
			isa = PBXResourcesBuildPhase;
			buildActionMask = 2147483647;
			files = (
				7C6A026126278C6900273563 /* Preview Assets.xcassets in Resources */,
				7CF87F8D25AE49B700BD9D06 /* Preview Assets.xcassets in Resources */,
				7CF87F8A25AE49B700BD9D06 /* Assets.xcassets in Resources */,
				7C44C05F2608FEDB00B8D86A /* launches.json in Resources */,
				7C8BFBF1270374BD00D6AB09 /* Assets.xcassets in Resources */,
			);
			runOnlyForDeploymentPostprocessing = 0;
		};
/* End PBXResourcesBuildPhase section */

/* Begin PBXSourcesBuildPhase section */
		7C184B0728D52CD300DCCEFF /* Sources */ = {
			isa = PBXSourcesBuildPhase;
			buildActionMask = 2147483647;
			files = (
				7C184B1028D52CD300DCCEFF /* ContentView.swift in Sources */,
				7C184B0E28D52CD300DCCEFF /* Astro_LaunchesApp.swift in Sources */,
			);
			runOnlyForDeploymentPostprocessing = 0;
		};
		7CE6154928D91F550082459A /* Sources */ = {
			isa = PBXSourcesBuildPhase;
			buildActionMask = 2147483647;
			files = (
				7CE6154B28D91F550082459A /* NetworkManager.swift in Sources */,
				7CE6154C28D91F550082459A /* DateFormatters.swift in Sources */,
				7C71FEA328F0DC9F00F75C77 /* MissionStatusDate.swift in Sources */,
				7CE6154E28D91F550082459A /* LaunchTime.swift in Sources */,
				7C92392128E394D700364E5A /* AppSettings.swift in Sources */,
				7CE6155328D91F550082459A /* Countdown.swift in Sources */,
				7CE6155428D91F550082459A /* CentralTimer.swift in Sources */,
				7C92392028E394CD00364E5A /* AstroLaunchesApp.swift in Sources */,
				7CE6155528D91F550082459A /* Colors.swift in Sources */,
				7C71FEA428F0DDD400F75C77 /* LaunchCard.swift in Sources */,
				7CE6155628D91F550082459A /* PadMap.swift in Sources */,
				7CE6155828D91F550082459A /* LaunchDate.swift in Sources */,
				7C6AAD3E290074D20046F9FF /* LaunchImage.swift in Sources */,
				7C09A5B528E7A8110035CBD4 /* ContentView.swift in Sources */,
				7C71FEA228F0DC5600F75C77 /* LaunchDetail.swift in Sources */,
				7CE6155A28D91F550082459A /* Launch.swift in Sources */,
				7C4DB82229035144007088A5 /* SettingsView.swift in Sources */,
			);
			runOnlyForDeploymentPostprocessing = 0;
		};
		7CF87F1C25AE45F300BD9D06 /* Sources */ = {
			isa = PBXSourcesBuildPhase;
			buildActionMask = 2147483647;
			files = (
				7CD3C90526028B020071FB78 /* NetworkManager.swift in Sources */,
				7CB57D5E290354160044577E /* AstroLaunchesApp.swift in Sources */,
				7C54438026178C65007CCCC4 /* DateFormatters.swift in Sources */,
				7C3CB5D6270F4F98000448C6 /* LaunchTime.swift in Sources */,
				7C3D4CCE2603EFDA00CB0C41 /* LaunchCard.swift in Sources */,
				7C31CEB727F7B74600EA2DCC /* MissionStatusDate.swift in Sources */,
				7C31CEB927F7BC3D00EA2DCC /* LaunchImage.swift in Sources */,
				7C3CB5DE270F4FD1000448C6 /* Countdown.swift in Sources */,
				7C8976C227556A8F000815F7 /* CentralTimer.swift in Sources */,
				7C79988326FB7EC700FCAEF2 /* Colors.swift in Sources */,
				7C9BDD88271642EC00A97374 /* PadMap.swift in Sources */,
				7CF87F3025AE45F300BD9D06 /* ContentView.swift in Sources */,
				7C3CB5DA270F4FA4000448C6 /* LaunchDate.swift in Sources */,
				7C7243C926E8188400233B33 /* LaunchDetail.swift in Sources */,
				7C69540A2612876E008A811E /* Launch.swift in Sources */,
				7C834938260931D1008B4895 /* AppSettings.swift in Sources */,
			);
			runOnlyForDeploymentPostprocessing = 0;
		};
		7CF87F7F25AE49B600BD9D06 /* Sources */ = {
			isa = PBXSourcesBuildPhase;
			buildActionMask = 2147483647;
			files = (
				7C47D6182710B53100F5997E /* Countdown.swift in Sources */,
				7C5A1B09261BB52B00E452DE /* DateFormatters.swift in Sources */,
				7C8976C427556A8F000815F7 /* CentralTimer.swift in Sources */,
				7CF260E127E3C1990030A98F /* GiantLaunchCountdown.swift in Sources */,
				7C5A1AFB261BB51A00E452DE /* NetworkManager.swift in Sources */,
				7C3CB5DC270F4FA4000448C6 /* LaunchDate.swift in Sources */,
				7CA49FAA270BB08F00181220 /* ConferenceRoomView.swift in Sources */,
				7CF87F8825AE49B600BD9D06 /* OpsFloorView.swift in Sources */,
				7C8BFBF22703808C00D6AB09 /* Colors.swift in Sources */,
				7C5A1B10261BB54500E452DE /* AppSettings.swift in Sources */,
				7C5A1B02261BB52300E452DE /* Launch.swift in Sources */,
				7CF43B5E27E256E400A7DD4F /* ContentView.swift in Sources */,
				7CF87F8625AE49B600BD9D06 /* Astro_Launches_TVApp.swift in Sources */,
				7C9BDD8A271642EC00A97374 /* PadMap.swift in Sources */,
				7C3CB5D8270F4F98000448C6 /* LaunchTime.swift in Sources */,
			);
			runOnlyForDeploymentPostprocessing = 0;
		};
/* End PBXSourcesBuildPhase section */

/* Begin XCBuildConfiguration section */
		7C184B1728D52CD400DCCEFF /* Debug */ = {
			isa = XCBuildConfiguration;
			buildSettings = {
				ASSETCATALOG_COMPILER_APPICON_NAME = AppIcon;
				ASSETCATALOG_COMPILER_GLOBAL_ACCENT_COLOR_NAME = AccentColor;
				CLANG_CXX_LANGUAGE_STANDARD = "gnu++20";
				CODE_SIGN_STYLE = Automatic;
				CURRENT_PROJECT_VERSION = 1;
				DEVELOPMENT_ASSET_PATHS = "Shared/Preview\\ Content";
				DEVELOPMENT_TEAM = H4S8Z5V45T;
				ENABLE_PREVIEWS = YES;
				GENERATE_INFOPLIST_FILE = YES;
				INFOPLIST_KEY_CFBundleDisplayName = Launches;
				INFOPLIST_KEY_UISupportedInterfaceOrientations = "UIInterfaceOrientationPortrait UIInterfaceOrientationPortraitUpsideDown";
				INFOPLIST_KEY_WKCompanionAppBundleIdentifier = "";
				INFOPLIST_KEY_WKRunsIndependentlyOfCompanionApp = YES;
				LD_RUNPATH_SEARCH_PATHS = (
					"$(inherited)",
					"@executable_path/Frameworks",
				);
				MARKETING_VERSION = 3.0;
				PRODUCT_BUNDLE_IDENTIFIER = "com.rocketcom.Astro-Launches.watchkitapp";
				PRODUCT_NAME = "$(TARGET_NAME)";
				SDKROOT = watchos;
				SKIP_INSTALL = YES;
				SWIFT_EMIT_LOC_STRINGS = YES;
				SWIFT_VERSION = 5.0;
				TARGETED_DEVICE_FAMILY = 4;
				WATCHOS_DEPLOYMENT_TARGET = 9.0;
			};
			name = Debug;
		};
		7C184B1828D52CD400DCCEFF /* Release */ = {
			isa = XCBuildConfiguration;
			buildSettings = {
				ASSETCATALOG_COMPILER_APPICON_NAME = AppIcon;
				ASSETCATALOG_COMPILER_GLOBAL_ACCENT_COLOR_NAME = AccentColor;
				CLANG_CXX_LANGUAGE_STANDARD = "gnu++20";
				CODE_SIGN_STYLE = Automatic;
				CURRENT_PROJECT_VERSION = 1;
				DEVELOPMENT_ASSET_PATHS = "Shared/Preview\\ Content";
				DEVELOPMENT_TEAM = H4S8Z5V45T;
				ENABLE_PREVIEWS = YES;
				GENERATE_INFOPLIST_FILE = YES;
				INFOPLIST_KEY_CFBundleDisplayName = Launches;
				INFOPLIST_KEY_UISupportedInterfaceOrientations = "UIInterfaceOrientationPortrait UIInterfaceOrientationPortraitUpsideDown";
				INFOPLIST_KEY_WKCompanionAppBundleIdentifier = "";
				INFOPLIST_KEY_WKRunsIndependentlyOfCompanionApp = YES;
				LD_RUNPATH_SEARCH_PATHS = (
					"$(inherited)",
					"@executable_path/Frameworks",
				);
				MARKETING_VERSION = 3.0;
				PRODUCT_BUNDLE_IDENTIFIER = "com.rocketcom.Astro-Launches.watchkitapp";
				PRODUCT_NAME = "$(TARGET_NAME)";
				SDKROOT = watchos;
				SKIP_INSTALL = YES;
				SWIFT_EMIT_LOC_STRINGS = YES;
				SWIFT_VERSION = 5.0;
				TARGETED_DEVICE_FAMILY = 4;
				VALIDATE_PRODUCT = YES;
				WATCHOS_DEPLOYMENT_TARGET = 9.0;
			};
			name = Release;
		};
		7CE6156428D91F550082459A /* Debug */ = {
			isa = XCBuildConfiguration;
			buildSettings = {
				ASSETCATALOG_COMPILER_APPICON_NAME = AppIcon;
				ASSETCATALOG_COMPILER_GLOBAL_ACCENT_COLOR_NAME = AccentColor;
				CODE_SIGN_STYLE = Automatic;
				DEVELOPMENT_ASSET_PATHS = "Shared/Preview\\ Content";
				DEVELOPMENT_TEAM = H4S8Z5V45T;
				ENABLE_PREVIEWS = YES;
				INFOPLIST_FILE = macOS/Info.plist;
				INFOPLIST_KEY_CFBundleDisplayName = Launches;
				INFOPLIST_KEY_LSApplicationCategoryType = "public.app-category.reference";
				LD_RUNPATH_SEARCH_PATHS = (
					"$(inherited)",
					"@executable_path/Frameworks",
				);
				MACOSX_DEPLOYMENT_TARGET = 13.0;
				MARKETING_VERSION = 3.0;
				PRODUCT_BUNDLE_IDENTIFIER = "com.rocketcom.Astro-Launches";
				PRODUCT_NAME = Launches;
				SDKROOT = macosx;
				SUPPORTED_PLATFORMS = macosx;
				SUPPORTS_MACCATALYST = NO;
				SUPPORTS_MAC_DESIGNED_FOR_IPHONE_IPAD = NO;
				SWIFT_VERSION = 5.0;
			};
			name = Debug;
		};
		7CE6156528D91F550082459A /* Release */ = {
			isa = XCBuildConfiguration;
			buildSettings = {
				ASSETCATALOG_COMPILER_APPICON_NAME = AppIcon;
				ASSETCATALOG_COMPILER_GLOBAL_ACCENT_COLOR_NAME = AccentColor;
				CODE_SIGN_STYLE = Automatic;
				DEVELOPMENT_ASSET_PATHS = "Shared/Preview\\ Content";
				DEVELOPMENT_TEAM = H4S8Z5V45T;
				ENABLE_PREVIEWS = YES;
				INFOPLIST_FILE = macOS/Info.plist;
				INFOPLIST_KEY_CFBundleDisplayName = Launches;
				INFOPLIST_KEY_LSApplicationCategoryType = "public.app-category.reference";
				LD_RUNPATH_SEARCH_PATHS = (
					"$(inherited)",
					"@executable_path/Frameworks",
				);
				MACOSX_DEPLOYMENT_TARGET = 13.0;
				MARKETING_VERSION = 3.0;
				PRODUCT_BUNDLE_IDENTIFIER = "com.rocketcom.Astro-Launches";
				PRODUCT_NAME = Launches;
				SDKROOT = macosx;
				SUPPORTED_PLATFORMS = macosx;
				SUPPORTS_MACCATALYST = NO;
				SUPPORTS_MAC_DESIGNED_FOR_IPHONE_IPAD = NO;
				SWIFT_VERSION = 5.0;
				VALIDATE_PRODUCT = YES;
			};
			name = Release;
		};
		7CF87F3625AE45F300BD9D06 /* Debug */ = {
			isa = XCBuildConfiguration;
			buildSettings = {
				ALWAYS_SEARCH_USER_PATHS = NO;
				CLANG_ANALYZER_NONNULL = YES;
				CLANG_ANALYZER_NUMBER_OBJECT_CONVERSION = YES_AGGRESSIVE;
				CLANG_CXX_LANGUAGE_STANDARD = "gnu++14";
				CLANG_CXX_LIBRARY = "libc++";
				CLANG_ENABLE_MODULES = YES;
				CLANG_ENABLE_OBJC_ARC = YES;
				CLANG_ENABLE_OBJC_WEAK = YES;
				CLANG_WARN_BLOCK_CAPTURE_AUTORELEASING = YES;
				CLANG_WARN_BOOL_CONVERSION = YES;
				CLANG_WARN_COMMA = YES;
				CLANG_WARN_CONSTANT_CONVERSION = YES;
				CLANG_WARN_DEPRECATED_OBJC_IMPLEMENTATIONS = YES;
				CLANG_WARN_DIRECT_OBJC_ISA_USAGE = YES_ERROR;
				CLANG_WARN_DOCUMENTATION_COMMENTS = YES;
				CLANG_WARN_EMPTY_BODY = YES;
				CLANG_WARN_ENUM_CONVERSION = YES;
				CLANG_WARN_INFINITE_RECURSION = YES;
				CLANG_WARN_INT_CONVERSION = YES;
				CLANG_WARN_NON_LITERAL_NULL_CONVERSION = YES;
				CLANG_WARN_OBJC_IMPLICIT_RETAIN_SELF = YES;
				CLANG_WARN_OBJC_LITERAL_CONVERSION = YES;
				CLANG_WARN_OBJC_ROOT_CLASS = YES_ERROR;
				CLANG_WARN_QUOTED_INCLUDE_IN_FRAMEWORK_HEADER = YES;
				CLANG_WARN_RANGE_LOOP_ANALYSIS = YES;
				CLANG_WARN_STRICT_PROTOTYPES = YES;
				CLANG_WARN_SUSPICIOUS_MOVE = YES;
				CLANG_WARN_UNGUARDED_AVAILABILITY = YES_AGGRESSIVE;
				CLANG_WARN_UNREACHABLE_CODE = YES;
				CLANG_WARN__DUPLICATE_METHOD_MATCH = YES;
				COPY_PHASE_STRIP = NO;
				DEAD_CODE_STRIPPING = YES;
				DEBUG_INFORMATION_FORMAT = dwarf;
				ENABLE_STRICT_OBJC_MSGSEND = YES;
				ENABLE_TESTABILITY = YES;
				GCC_C_LANGUAGE_STANDARD = gnu11;
				GCC_DYNAMIC_NO_PIC = NO;
				GCC_NO_COMMON_BLOCKS = YES;
				GCC_OPTIMIZATION_LEVEL = 0;
				GCC_PREPROCESSOR_DEFINITIONS = (
					"DEBUG=1",
					"$(inherited)",
				);
				GCC_WARN_64_TO_32_BIT_CONVERSION = YES;
				GCC_WARN_ABOUT_RETURN_TYPE = YES_ERROR;
				GCC_WARN_UNDECLARED_SELECTOR = YES;
				GCC_WARN_UNINITIALIZED_AUTOS = YES_AGGRESSIVE;
				GCC_WARN_UNUSED_FUNCTION = YES;
				GCC_WARN_UNUSED_VARIABLE = YES;
				IPHONEOS_DEPLOYMENT_TARGET = 16.0;
				MACOSX_DEPLOYMENT_TARGET = 13.0;
				MTL_ENABLE_DEBUG_INFO = INCLUDE_SOURCE;
				MTL_FAST_MATH = YES;
				ONLY_ACTIVE_ARCH = YES;
				SWIFT_ACTIVE_COMPILATION_CONDITIONS = DEBUG;
				SWIFT_OPTIMIZATION_LEVEL = "-Onone";
				TVOS_DEPLOYMENT_TARGET = 16.0;
				WATCHOS_DEPLOYMENT_TARGET = 9.0;
			};
			name = Debug;
		};
		7CF87F3725AE45F300BD9D06 /* Release */ = {
			isa = XCBuildConfiguration;
			buildSettings = {
				ALWAYS_SEARCH_USER_PATHS = NO;
				CLANG_ANALYZER_NONNULL = YES;
				CLANG_ANALYZER_NUMBER_OBJECT_CONVERSION = YES_AGGRESSIVE;
				CLANG_CXX_LANGUAGE_STANDARD = "gnu++14";
				CLANG_CXX_LIBRARY = "libc++";
				CLANG_ENABLE_MODULES = YES;
				CLANG_ENABLE_OBJC_ARC = YES;
				CLANG_ENABLE_OBJC_WEAK = YES;
				CLANG_WARN_BLOCK_CAPTURE_AUTORELEASING = YES;
				CLANG_WARN_BOOL_CONVERSION = YES;
				CLANG_WARN_COMMA = YES;
				CLANG_WARN_CONSTANT_CONVERSION = YES;
				CLANG_WARN_DEPRECATED_OBJC_IMPLEMENTATIONS = YES;
				CLANG_WARN_DIRECT_OBJC_ISA_USAGE = YES_ERROR;
				CLANG_WARN_DOCUMENTATION_COMMENTS = YES;
				CLANG_WARN_EMPTY_BODY = YES;
				CLANG_WARN_ENUM_CONVERSION = YES;
				CLANG_WARN_INFINITE_RECURSION = YES;
				CLANG_WARN_INT_CONVERSION = YES;
				CLANG_WARN_NON_LITERAL_NULL_CONVERSION = YES;
				CLANG_WARN_OBJC_IMPLICIT_RETAIN_SELF = YES;
				CLANG_WARN_OBJC_LITERAL_CONVERSION = YES;
				CLANG_WARN_OBJC_ROOT_CLASS = YES_ERROR;
				CLANG_WARN_QUOTED_INCLUDE_IN_FRAMEWORK_HEADER = YES;
				CLANG_WARN_RANGE_LOOP_ANALYSIS = YES;
				CLANG_WARN_STRICT_PROTOTYPES = YES;
				CLANG_WARN_SUSPICIOUS_MOVE = YES;
				CLANG_WARN_UNGUARDED_AVAILABILITY = YES_AGGRESSIVE;
				CLANG_WARN_UNREACHABLE_CODE = YES;
				CLANG_WARN__DUPLICATE_METHOD_MATCH = YES;
				COPY_PHASE_STRIP = NO;
				DEAD_CODE_STRIPPING = YES;
				DEBUG_INFORMATION_FORMAT = "dwarf-with-dsym";
				ENABLE_NS_ASSERTIONS = NO;
				ENABLE_STRICT_OBJC_MSGSEND = YES;
				GCC_C_LANGUAGE_STANDARD = gnu11;
				GCC_NO_COMMON_BLOCKS = YES;
				GCC_WARN_64_TO_32_BIT_CONVERSION = YES;
				GCC_WARN_ABOUT_RETURN_TYPE = YES_ERROR;
				GCC_WARN_UNDECLARED_SELECTOR = YES;
				GCC_WARN_UNINITIALIZED_AUTOS = YES_AGGRESSIVE;
				GCC_WARN_UNUSED_FUNCTION = YES;
				GCC_WARN_UNUSED_VARIABLE = YES;
				IPHONEOS_DEPLOYMENT_TARGET = 16.0;
				MACOSX_DEPLOYMENT_TARGET = 13.0;
				MTL_ENABLE_DEBUG_INFO = NO;
				MTL_FAST_MATH = YES;
				SWIFT_COMPILATION_MODE = wholemodule;
				SWIFT_OPTIMIZATION_LEVEL = "-O";
				TVOS_DEPLOYMENT_TARGET = 16.0;
				WATCHOS_DEPLOYMENT_TARGET = 9.0;
			};
			name = Release;
		};
		7CF87F3925AE45F300BD9D06 /* Debug */ = {
			isa = XCBuildConfiguration;
			buildSettings = {
				ASSETCATALOG_COMPILER_APPICON_NAME = AppIcon;
				ASSETCATALOG_COMPILER_GLOBAL_ACCENT_COLOR_NAME = AccentColor;
				CODE_SIGN_STYLE = Automatic;
				DEVELOPMENT_ASSET_PATHS = "Shared/Preview\\ Content";
				DEVELOPMENT_TEAM = H4S8Z5V45T;
				ENABLE_PREVIEWS = YES;
				INFOPLIST_FILE = iOS/Info.plist;
				INFOPLIST_KEY_CFBundleDisplayName = "Astro Launches";
				INFOPLIST_KEY_LSApplicationCategoryType = "public.app-category.reference";
				IPHONEOS_DEPLOYMENT_TARGET = 16.0;
				LD_RUNPATH_SEARCH_PATHS = (
					"$(inherited)",
					"@executable_path/Frameworks",
				);
				MARKETING_VERSION = 3.0;
				PRODUCT_BUNDLE_IDENTIFIER = "com.rocketcom.Astro-Launches";
				PRODUCT_NAME = "Astro Launches";
				SDKROOT = iphoneos;
				SUPPORTED_PLATFORMS = "iphoneos iphonesimulator";
				SUPPORTS_MACCATALYST = NO;
				SUPPORTS_MAC_DESIGNED_FOR_IPHONE_IPAD = NO;
				SWIFT_VERSION = 5.0;
				TARGETED_DEVICE_FAMILY = "1,2";
			};
			name = Debug;
		};
		7CF87F3A25AE45F300BD9D06 /* Release */ = {
			isa = XCBuildConfiguration;
			buildSettings = {
				ASSETCATALOG_COMPILER_APPICON_NAME = AppIcon;
				ASSETCATALOG_COMPILER_GLOBAL_ACCENT_COLOR_NAME = AccentColor;
				CODE_SIGN_STYLE = Automatic;
				DEVELOPMENT_ASSET_PATHS = "Shared/Preview\\ Content";
				DEVELOPMENT_TEAM = H4S8Z5V45T;
				ENABLE_PREVIEWS = YES;
				INFOPLIST_FILE = iOS/Info.plist;
				INFOPLIST_KEY_CFBundleDisplayName = "Astro Launches";
				INFOPLIST_KEY_LSApplicationCategoryType = "public.app-category.reference";
				IPHONEOS_DEPLOYMENT_TARGET = 16.0;
				LD_RUNPATH_SEARCH_PATHS = (
					"$(inherited)",
					"@executable_path/Frameworks",
				);
				MARKETING_VERSION = 3.0;
				PRODUCT_BUNDLE_IDENTIFIER = "com.rocketcom.Astro-Launches";
				PRODUCT_NAME = "Astro Launches";
				SDKROOT = iphoneos;
				SUPPORTED_PLATFORMS = "iphoneos iphonesimulator";
				SUPPORTS_MACCATALYST = NO;
				SUPPORTS_MAC_DESIGNED_FOR_IPHONE_IPAD = NO;
				SWIFT_VERSION = 5.0;
				TARGETED_DEVICE_FAMILY = "1,2";
				VALIDATE_PRODUCT = YES;
			};
			name = Release;
		};
		7CF87F9525AE49B700BD9D06 /* Debug */ = {
			isa = XCBuildConfiguration;
			buildSettings = {
				ASSETCATALOG_COMPILER_APPICON_NAME = "App Icon & Top Shelf Image";
				ASSETCATALOG_COMPILER_GLOBAL_ACCENT_COLOR_NAME = AccentColor;
				CODE_SIGN_STYLE = Automatic;
				DEVELOPMENT_ASSET_PATHS = "Shared/Preview\\ Content";
				DEVELOPMENT_TEAM = H4S8Z5V45T;
				ENABLE_PREVIEWS = YES;
				INFOPLIST_FILE = tvOS/Info.plist;
				LD_RUNPATH_SEARCH_PATHS = (
					"$(inherited)",
					"@executable_path/Frameworks",
				);
				MARKETING_VERSION = 3.0;
				PRODUCT_BUNDLE_IDENTIFIER = "com.rocketcom.Astro-Launches";
				PRODUCT_NAME = "$(TARGET_NAME)";
				SDKROOT = appletvos;
				SWIFT_VERSION = 5.0;
				TARGETED_DEVICE_FAMILY = 3;
				TVOS_DEPLOYMENT_TARGET = 16.0;
			};
			name = Debug;
		};
		7CF87F9625AE49B700BD9D06 /* Release */ = {
			isa = XCBuildConfiguration;
			buildSettings = {
				ASSETCATALOG_COMPILER_APPICON_NAME = "App Icon & Top Shelf Image";
				ASSETCATALOG_COMPILER_GLOBAL_ACCENT_COLOR_NAME = AccentColor;
				CODE_SIGN_STYLE = Automatic;
				DEVELOPMENT_ASSET_PATHS = "Shared/Preview\\ Content";
				DEVELOPMENT_TEAM = H4S8Z5V45T;
				ENABLE_PREVIEWS = YES;
				INFOPLIST_FILE = tvOS/Info.plist;
				LD_RUNPATH_SEARCH_PATHS = (
					"$(inherited)",
					"@executable_path/Frameworks",
				);
				MARKETING_VERSION = 3.0;
				PRODUCT_BUNDLE_IDENTIFIER = "com.rocketcom.Astro-Launches";
				PRODUCT_NAME = "$(TARGET_NAME)";
				SDKROOT = appletvos;
				SWIFT_VERSION = 5.0;
				TARGETED_DEVICE_FAMILY = 3;
				TVOS_DEPLOYMENT_TARGET = 16.0;
				VALIDATE_PRODUCT = YES;
			};
			name = Release;
		};
/* End XCBuildConfiguration section */

/* Begin XCConfigurationList section */
		7C184B1628D52CD400DCCEFF /* Build configuration list for PBXNativeTarget "Astro Launches (watchOS)" */ = {
			isa = XCConfigurationList;
			buildConfigurations = (
				7C184B1728D52CD400DCCEFF /* Debug */,
				7C184B1828D52CD400DCCEFF /* Release */,
			);
			defaultConfigurationIsVisible = 0;
			defaultConfigurationName = Release;
		};
		7CE6156328D91F550082459A /* Build configuration list for PBXNativeTarget "Astro Launches (macOS)" */ = {
			isa = XCConfigurationList;
			buildConfigurations = (
				7CE6156428D91F550082459A /* Debug */,
				7CE6156528D91F550082459A /* Release */,
			);
			defaultConfigurationIsVisible = 0;
			defaultConfigurationName = Release;
		};
		7CF87F1425AE45F200BD9D06 /* Build configuration list for PBXProject "Astro Launches" */ = {
			isa = XCConfigurationList;
			buildConfigurations = (
				7CF87F3625AE45F300BD9D06 /* Debug */,
				7CF87F3725AE45F300BD9D06 /* Release */,
			);
			defaultConfigurationIsVisible = 0;
			defaultConfigurationName = Release;
		};
		7CF87F3825AE45F300BD9D06 /* Build configuration list for PBXNativeTarget "Astro Launches (iOS)" */ = {
			isa = XCConfigurationList;
			buildConfigurations = (
				7CF87F3925AE45F300BD9D06 /* Debug */,
				7CF87F3A25AE45F300BD9D06 /* Release */,
			);
			defaultConfigurationIsVisible = 0;
			defaultConfigurationName = Release;
		};
		7CF87F9425AE49B700BD9D06 /* Build configuration list for PBXNativeTarget "Astro Launches (tvOS)" */ = {
			isa = XCConfigurationList;
			buildConfigurations = (
				7CF87F9525AE49B700BD9D06 /* Debug */,
				7CF87F9625AE49B700BD9D06 /* Release */,
			);
			defaultConfigurationIsVisible = 0;
			defaultConfigurationName = Release;
		};
/* End XCConfigurationList section */

/* Begin XCRemoteSwiftPackageReference section */
		7C8314FF25AE52B700E18441 /* XCRemoteSwiftPackageReference "AstroSwiftFoundation" */ = {
			isa = XCRemoteSwiftPackageReference;
			repositoryURL = "https://github.com/RocketCommunicationsInc/AstroSwiftFoundation.git";
			requirement = {
				kind = upToNextMajorVersion;
				minimumVersion = 2.0.0;
			};
		};
		7C9FCDDA2882057F0032EA88 /* XCRemoteSwiftPackageReference "swiftui-cached-async-image" */ = {
			isa = XCRemoteSwiftPackageReference;
			repositoryURL = "https://github.com/lorenzofiamingo/swiftui-cached-async-image";
			requirement = {
				kind = upToNextMajorVersion;
				minimumVersion = 2.0.0;
			};
		};
		7CE6154628D91F550082459A /* XCRemoteSwiftPackageReference "AstroSwiftFoundation" */ = {
			isa = XCRemoteSwiftPackageReference;
			repositoryURL = "https://github.com/RocketCommunicationsInc/AstroSwiftFoundation.git";
			requirement = {
				kind = upToNextMajorVersion;
				minimumVersion = 2.0.0;
			};
		};
		7CE6154828D91F550082459A /* XCRemoteSwiftPackageReference "swiftui-cached-async-image" */ = {
			isa = XCRemoteSwiftPackageReference;
			repositoryURL = "https://github.com/lorenzofiamingo/swiftui-cached-async-image";
			requirement = {
				kind = upToNextMajorVersion;
				minimumVersion = 2.0.0;
			};
		};
		7CF7966E29036AC100FC2460 /* XCRemoteSwiftPackageReference "AstroSwiftUtilities" */ = {
			isa = XCRemoteSwiftPackageReference;
			repositoryURL = "https://github.com/RocketCommunicationsInc/AstroSwiftUtilities";
			requirement = {
				kind = upToNextMajorVersion;
				minimumVersion = 1.0.0;
			};
		};
/* End XCRemoteSwiftPackageReference section */

/* Begin XCSwiftPackageProductDependency section */
		7C5A1B17261BB5E700E452DE /* AstroSwiftFoundation */ = {
			isa = XCSwiftPackageProductDependency;
			package = 7C8314FF25AE52B700E18441 /* XCRemoteSwiftPackageReference "AstroSwiftFoundation" */;
			productName = AstroSwiftFoundation;
		};
		7C83150025AE52B700E18441 /* AstroSwiftFoundation */ = {
			isa = XCSwiftPackageProductDependency;
			package = 7C8314FF25AE52B700E18441 /* XCRemoteSwiftPackageReference "AstroSwiftFoundation" */;
			productName = AstroSwiftFoundation;
		};
		7C9FCDDB2882057F0032EA88 /* CachedAsyncImage */ = {
			isa = XCSwiftPackageProductDependency;
			package = 7C9FCDDA2882057F0032EA88 /* XCRemoteSwiftPackageReference "swiftui-cached-async-image" */;
			productName = CachedAsyncImage;
		};
		7C9FCDDF288209040032EA88 /* CachedAsyncImage */ = {
			isa = XCSwiftPackageProductDependency;
			package = 7C9FCDDA2882057F0032EA88 /* XCRemoteSwiftPackageReference "swiftui-cached-async-image" */;
			productName = CachedAsyncImage;
		};
		7CE6154528D91F550082459A /* AstroSwiftFoundation */ = {
			isa = XCSwiftPackageProductDependency;
			package = 7CE6154628D91F550082459A /* XCRemoteSwiftPackageReference "AstroSwiftFoundation" */;
			productName = AstroSwiftFoundation;
		};
		7CE6154728D91F550082459A /* CachedAsyncImage */ = {
			isa = XCSwiftPackageProductDependency;
			package = 7CE6154828D91F550082459A /* XCRemoteSwiftPackageReference "swiftui-cached-async-image" */;
			productName = CachedAsyncImage;
		};
		7CF7966F29036AC100FC2460 /* AstroSwiftUtilities */ = {
			isa = XCSwiftPackageProductDependency;
			package = 7CF7966E29036AC100FC2460 /* XCRemoteSwiftPackageReference "AstroSwiftUtilities" */;
			productName = AstroSwiftUtilities;
		};
		7CF7967129036B1C00FC2460 /* AstroSwiftUtilities */ = {
			isa = XCSwiftPackageProductDependency;
			package = 7CF7966E29036AC100FC2460 /* XCRemoteSwiftPackageReference "AstroSwiftUtilities" */;
			productName = AstroSwiftUtilities;
		};
		7CF7967329036B2000FC2460 /* AstroSwiftUtilities */ = {
			isa = XCSwiftPackageProductDependency;
			package = 7CF7966E29036AC100FC2460 /* XCRemoteSwiftPackageReference "AstroSwiftUtilities" */;
			productName = AstroSwiftUtilities;
		};
		7CF7967529036B2300FC2460 /* AstroSwiftUtilities */ = {
			isa = XCSwiftPackageProductDependency;
			package = 7CF7966E29036AC100FC2460 /* XCRemoteSwiftPackageReference "AstroSwiftUtilities" */;
			productName = AstroSwiftUtilities;
		};
/* End XCSwiftPackageProductDependency section */
	};
	rootObject = 7CF87F1125AE45F200BD9D06 /* Project object */;
}
